// !$*UTF8*$!
{
	archiveVersion = 1;
	classes = {
	};
	objectVersion = 46;
	objects = {

/* Begin PBXBuildFile section */
		777E688F8585D034806D61D2 /* Pods_WhipMe.framework in Frameworks */ = {isa = PBXBuildFile; fileRef = FC238C3D356A5C11A7A369C1 /* Pods_WhipMe.framework */; };
		E4AB21F31D82566A0044943E /* AppDelegate.swift in Sources */ = {isa = PBXBuildFile; fileRef = E4AB21F21D82566A0044943E /* AppDelegate.swift */; };
		E4AB21F51D82566A0044943E /* ViewController.swift in Sources */ = {isa = PBXBuildFile; fileRef = E4AB21F41D82566A0044943E /* ViewController.swift */; };
		E4AB21F81D82566A0044943E /* Main.storyboard in Resources */ = {isa = PBXBuildFile; fileRef = E4AB21F61D82566A0044943E /* Main.storyboard */; };
		E4AB21FA1D82566A0044943E /* Assets.xcassets in Resources */ = {isa = PBXBuildFile; fileRef = E4AB21F91D82566A0044943E /* Assets.xcassets */; };
		E4AB21FD1D82566A0044943E /* LaunchScreen.storyboard in Resources */ = {isa = PBXBuildFile; fileRef = E4AB21FB1D82566A0044943E /* LaunchScreen.storyboard */; };
/* End PBXBuildFile section */

/* Begin PBXFileReference section */
		A030685417F6EAA902A8D211 /* Pods-WhipMe.release.xcconfig */ = {isa = PBXFileReference; includeInIndex = 1; lastKnownFileType = text.xcconfig; name = "Pods-WhipMe.release.xcconfig"; path = "Pods/Target Support Files/Pods-WhipMe/Pods-WhipMe.release.xcconfig"; sourceTree = "<group>"; };
		AB9F213A8BB6602942F5D4EF /* Pods-WhipMe.debug.xcconfig */ = {isa = PBXFileReference; includeInIndex = 1; lastKnownFileType = text.xcconfig; name = "Pods-WhipMe.debug.xcconfig"; path = "Pods/Target Support Files/Pods-WhipMe/Pods-WhipMe.debug.xcconfig"; sourceTree = "<group>"; };
		E4AB21EF1D82566A0044943E /* WhipMe.app */ = {isa = PBXFileReference; explicitFileType = wrapper.application; includeInIndex = 0; path = WhipMe.app; sourceTree = BUILT_PRODUCTS_DIR; };
		E4AB21F21D82566A0044943E /* AppDelegate.swift */ = {isa = PBXFileReference; lastKnownFileType = sourcecode.swift; path = AppDelegate.swift; sourceTree = "<group>"; };
		E4AB21F41D82566A0044943E /* ViewController.swift */ = {isa = PBXFileReference; lastKnownFileType = sourcecode.swift; path = ViewController.swift; sourceTree = "<group>"; };
		E4AB21F71D82566A0044943E /* Base */ = {isa = PBXFileReference; lastKnownFileType = file.storyboard; name = Base; path = Base.lproj/Main.storyboard; sourceTree = "<group>"; };
		E4AB21F91D82566A0044943E /* Assets.xcassets */ = {isa = PBXFileReference; lastKnownFileType = folder.assetcatalog; path = Assets.xcassets; sourceTree = "<group>"; };
		E4AB21FC1D82566A0044943E /* Base */ = {isa = PBXFileReference; lastKnownFileType = file.storyboard; name = Base; path = Base.lproj/LaunchScreen.storyboard; sourceTree = "<group>"; };
		E4AB21FE1D82566A0044943E /* Info.plist */ = {isa = PBXFileReference; lastKnownFileType = text.plist.xml; path = Info.plist; sourceTree = "<group>"; };
		FC238C3D356A5C11A7A369C1 /* Pods_WhipMe.framework */ = {isa = PBXFileReference; explicitFileType = wrapper.framework; includeInIndex = 0; path = Pods_WhipMe.framework; sourceTree = BUILT_PRODUCTS_DIR; };
/* End PBXFileReference section */

/* Begin PBXFrameworksBuildPhase section */
		E4AB21EC1D82566A0044943E /* Frameworks */ = {
			isa = PBXFrameworksBuildPhase;
			buildActionMask = 2147483647;
			files = (
				777E688F8585D034806D61D2 /* Pods_WhipMe.framework in Frameworks */,
			);
			runOnlyForDeploymentPostprocessing = 0;
		};
/* End PBXFrameworksBuildPhase section */

/* Begin PBXGroup section */
		947F4EA01047703EED7AF923 /* Pods */ = {
			isa = PBXGroup;
			children = (
				AB9F213A8BB6602942F5D4EF /* Pods-WhipMe.debug.xcconfig */,
				A030685417F6EAA902A8D211 /* Pods-WhipMe.release.xcconfig */,
			);
			name = Pods;
			sourceTree = "<group>";
		};
		DF3182C0EA9A0BB160551313 /* Frameworks */ = {
			isa = PBXGroup;
			children = (
				FC238C3D356A5C11A7A369C1 /* Pods_WhipMe.framework */,
			);
			name = Frameworks;
			sourceTree = "<group>";
		};
		E4AB21E61D82566A0044943E = {
			isa = PBXGroup;
			children = (
				E4AB21F11D82566A0044943E /* WhipMe */,
				E4AB21F01D82566A0044943E /* Products */,
				947F4EA01047703EED7AF923 /* Pods */,
				DF3182C0EA9A0BB160551313 /* Frameworks */,
			);
			sourceTree = "<group>";
		};
		E4AB21F01D82566A0044943E /* Products */ = {
			isa = PBXGroup;
			children = (
				E4AB21EF1D82566A0044943E /* WhipMe.app */,
			);
			name = Products;
			sourceTree = "<group>";
		};
		E4AB21F11D82566A0044943E /* WhipMe */ = {
			isa = PBXGroup;
			children = (
				E4AB21F21D82566A0044943E /* AppDelegate.swift */,
				E4AB21F41D82566A0044943E /* ViewController.swift */,
				E4AB21F61D82566A0044943E /* Main.storyboard */,
				E4AB21F91D82566A0044943E /* Assets.xcassets */,
				E4AB21FB1D82566A0044943E /* LaunchScreen.storyboard */,
				E4AB21FE1D82566A0044943E /* Info.plist */,
			);
			path = WhipMe;
			sourceTree = "<group>";
		};
/* End PBXGroup section */

/* Begin PBXNativeTarget section */
		E4AB21EE1D82566A0044943E /* WhipMe */ = {
			isa = PBXNativeTarget;
			buildConfigurationList = E4AB22011D82566A0044943E /* Build configuration list for PBXNativeTarget "WhipMe" */;
			buildPhases = (
				CF0A019A01CD820C1E7C4AB2 /* [CP] Check Pods Manifest.lock */,
				E4AB21EB1D82566A0044943E /* Sources */,
				E4AB21EC1D82566A0044943E /* Frameworks */,
				E4AB21ED1D82566A0044943E /* Resources */,
				761D1CCB98A1FF0DEFBB3C3E /* [CP] Embed Pods Frameworks */,
				72961958ADAEFB40D3706F39 /* [CP] Copy Pods Resources */,
			);
			buildRules = (
			);
			dependencies = (
			);
			name = WhipMe;
			productName = WhipMe;
			productReference = E4AB21EF1D82566A0044943E /* WhipMe.app */;
			productType = "com.apple.product-type.application";
		};
/* End PBXNativeTarget section */

/* Begin PBXProject section */
		E4AB21E71D82566A0044943E /* Project object */ = {
			isa = PBXProject;
			attributes = {
				LastSwiftUpdateCheck = 0730;
				LastUpgradeCheck = 0730;
				ORGANIZATIONNAME = "-";
				TargetAttributes = {
					E4AB21EE1D82566A0044943E = {
						CreatedOnToolsVersion = 7.3.1;
					};
				};
			};
			buildConfigurationList = E4AB21EA1D82566A0044943E /* Build configuration list for PBXProject "WhipMe" */;
			compatibilityVersion = "Xcode 3.2";
			developmentRegion = English;
			hasScannedForEncodings = 0;
			knownRegions = (
				en,
				Base,
			);
			mainGroup = E4AB21E61D82566A0044943E;
			productRefGroup = E4AB21F01D82566A0044943E /* Products */;
			projectDirPath = "";
			projectRoot = "";
			targets = (
				E4AB21EE1D82566A0044943E /* WhipMe */,
			);
		};
/* End PBXProject section */

/* Begin PBXResourcesBuildPhase section */
		E4AB21ED1D82566A0044943E /* Resources */ = {
			isa = PBXResourcesBuildPhase;
			buildActionMask = 2147483647;
			files = (
				E4AB21FD1D82566A0044943E /* LaunchScreen.storyboard in Resources */,
				E4AB21FA1D82566A0044943E /* Assets.xcassets in Resources */,
				E4AB21F81D82566A0044943E /* Main.storyboard in Resources */,
			);
			runOnlyForDeploymentPostprocessing = 0;
		};
/* End PBXResourcesBuildPhase section */

/* Begin PBXShellScriptBuildPhase section */
		72961958ADAEFB40D3706F39 /* [CP] Copy Pods Resources */ = {
			isa = PBXShellScriptBuildPhase;
			buildActionMask = 2147483647;
			files = (
			);
			inputPaths = (
			);
			name = "[CP] Copy Pods Resources";
			outputPaths = (
			);
			runOnlyForDeploymentPostprocessing = 0;
			shellPath = /bin/sh;
			shellScript = "\"${SRCROOT}/Pods/Target Support Files/Pods-WhipMe/Pods-WhipMe-resources.sh\"\n";
			showEnvVarsInLog = 0;
		};
		761D1CCB98A1FF0DEFBB3C3E /* [CP] Embed Pods Frameworks */ = {
			isa = PBXShellScriptBuildPhase;
			buildActionMask = 2147483647;
			files = (
			);
			inputPaths = (
			);
			name = "[CP] Embed Pods Frameworks";
			outputPaths = (
			);
			runOnlyForDeploymentPostprocessing = 0;
			shellPath = /bin/sh;
			shellScript = "\"${SRCROOT}/Pods/Target Support Files/Pods-WhipMe/Pods-WhipMe-frameworks.sh\"\n";
			showEnvVarsInLog = 0;
		};
		CF0A019A01CD820C1E7C4AB2 /* [CP] Check Pods Manifest.lock */ = {
			isa = PBXShellScriptBuildPhase;
			buildActionMask = 2147483647;
			files = (
			);
			inputPaths = (
			);
			name = "[CP] Check Pods Manifest.lock";
			outputPaths = (
			);
			runOnlyForDeploymentPostprocessing = 0;
			shellPath = /bin/sh;
			shellScript = "diff \"${PODS_ROOT}/../Podfile.lock\" \"${PODS_ROOT}/Manifest.lock\" > /dev/null\nif [[ $? != 0 ]] ; then\n    cat << EOM\nerror: The sandbox is not in sync with the Podfile.lock. Run 'pod install' or update your CocoaPods installation.\nEOM\n    exit 1\nfi\n";
			showEnvVarsInLog = 0;
		};
/* End PBXShellScriptBuildPhase section */

/* Begin PBXSourcesBuildPhase section */
		E4AB21EB1D82566A0044943E /* Sources */ = {
			isa = PBXSourcesBuildPhase;
			buildActionMask = 2147483647;
			files = (
				E4AB21F51D82566A0044943E /* ViewController.swift in Sources */,
				E4AB21F31D82566A0044943E /* AppDelegate.swift in Sources */,
			);
			runOnlyForDeploymentPostprocessing = 0;
		};
/* End PBXSourcesBuildPhase section */

/* Begin PBXVariantGroup section */
		E4AB21F61D82566A0044943E /* Main.storyboard */ = {
			isa = PBXVariantGroup;
			children = (
				E4AB21F71D82566A0044943E /* Base */,
			);
			name = Main.storyboard;
			sourceTree = "<group>";
		};
		E4AB21FB1D82566A0044943E /* LaunchScreen.storyboard */ = {
			isa = PBXVariantGroup;
			children = (
				E4AB21FC1D82566A0044943E /* Base */,
			);
			name = LaunchScreen.storyboard;
			sourceTree = "<group>";
		};
/* End PBXVariantGroup section */

/* Begin XCBuildConfiguration section */
		E4AB21FF1D82566A0044943E /* Debug */ = {
			isa = XCBuildConfiguration;
			buildSettings = {
				ALWAYS_SEARCH_USER_PATHS = NO;
				CLANG_ANALYZER_NONNULL = YES;
				CLANG_CXX_LANGUAGE_STANDARD = "gnu++0x";
				CLANG_CXX_LIBRARY = "libc++";
				CLANG_ENABLE_MODULES = YES;
				CLANG_ENABLE_OBJC_ARC = YES;
				CLANG_WARN_BOOL_CONVERSION = YES;
				CLANG_WARN_CONSTANT_CONVERSION = YES;
				CLANG_WARN_DIRECT_OBJC_ISA_USAGE = YES_ERROR;
				CLANG_WARN_EMPTY_BODY = YES;
				CLANG_WARN_ENUM_CONVERSION = YES;
				CLANG_WARN_INT_CONVERSION = YES;
				CLANG_WARN_OBJC_ROOT_CLASS = YES_ERROR;
				CLANG_WARN_UNREACHABLE_CODE = YES;
				CLANG_WARN__DUPLICATE_METHOD_MATCH = YES;
				"CODE_SIGN_IDENTITY[sdk=iphoneos*]" = "iPhone Developer";
				COPY_PHASE_STRIP = NO;
				DEBUG_INFORMATION_FORMAT = dwarf;
				ENABLE_STRICT_OBJC_MSGSEND = YES;
				ENABLE_TESTABILITY = YES;
				GCC_C_LANGUAGE_STANDARD = gnu99;
				GCC_DYNAMIC_NO_PIC = NO;
				GCC_NO_COMMON_BLOCKS = YES;
				GCC_OPTIMIZATION_LEVEL = 0;
				GCC_PREPROCESSOR_DEFINITIONS = (
					"DEBUG=1",
					"$(inherited)",
				);
				GCC_WARN_64_TO_32_BIT_CONVERSION = YES;
				GCC_WARN_ABOUT_RETURN_TYPE = YES_ERROR;
				GCC_WARN_UNDECLARED_SELECTOR = YES;
				GCC_WARN_UNINITIALIZED_AUTOS = YES_AGGRESSIVE;
				GCC_WARN_UNUSED_FUNCTION = YES;
				GCC_WARN_UNUSED_VARIABLE = YES;
				IPHONEOS_DEPLOYMENT_TARGET = 9.3;
				MTL_ENABLE_DEBUG_INFO = YES;
				ONLY_ACTIVE_ARCH = YES;
				SDKROOT = iphoneos;
				SWIFT_OPTIMIZATION_LEVEL = "-Onone";
			};
			name = Debug;
		};
		E4AB22001D82566A0044943E /* Release */ = {
			isa = XCBuildConfiguration;
			buildSettings = {
				ALWAYS_SEARCH_USER_PATHS = NO;
				CLANG_ANALYZER_NONNULL = YES;
				CLANG_CXX_LANGUAGE_STANDARD = "gnu++0x";
				CLANG_CXX_LIBRARY = "libc++";
				CLANG_ENABLE_MODULES = YES;
				CLANG_ENABLE_OBJC_ARC = YES;
				CLANG_WARN_BOOL_CONVERSION = YES;
				CLANG_WARN_CONSTANT_CONVERSION = YES;
				CLANG_WARN_DIRECT_OBJC_ISA_USAGE = YES_ERROR;
				CLANG_WARN_EMPTY_BODY = YES;
				CLANG_WARN_ENUM_CONVERSION = YES;
				CLANG_WARN_INT_CONVERSION = YES;
				CLANG_WARN_OBJC_ROOT_CLASS = YES_ERROR;
				CLANG_WARN_UNREACHABLE_CODE = YES;
				CLANG_WARN__DUPLICATE_METHOD_MATCH = YES;
				"CODE_SIGN_IDENTITY[sdk=iphoneos*]" = "iPhone Developer";
				COPY_PHASE_STRIP = NO;
				DEBUG_INFORMATION_FORMAT = "dwarf-with-dsym";
				ENABLE_NS_ASSERTIONS = NO;
				ENABLE_STRICT_OBJC_MSGSEND = YES;
				GCC_C_LANGUAGE_STANDARD = gnu99;
				GCC_NO_COMMON_BLOCKS = YES;
				GCC_WARN_64_TO_32_BIT_CONVERSION = YES;
				GCC_WARN_ABOUT_RETURN_TYPE = YES_ERROR;
				GCC_WARN_UNDECLARED_SELECTOR = YES;
				GCC_WARN_UNINITIALIZED_AUTOS = YES_AGGRESSIVE;
				GCC_WARN_UNUSED_FUNCTION = YES;
				GCC_WARN_UNUSED_VARIABLE = YES;
				IPHONEOS_DEPLOYMENT_TARGET = 9.3;
				MTL_ENABLE_DEBUG_INFO = NO;
				SDKROOT = iphoneos;
				VALIDATE_PRODUCT = YES;
			};
			name = Release;
		};
		E4AB22021D82566A0044943E /* Debug */ = {
			isa = XCBuildConfiguration;
			baseConfigurationReference = AB9F213A8BB6602942F5D4EF /* Pods-WhipMe.debug.xcconfig */;
			buildSettings = {
				ASSETCATALOG_COMPILER_APPICON_NAME = AppIcon;
				INFOPLIST_FILE = WhipMe/Info.plist;
				LD_RUNPATH_SEARCH_PATHS = "$(inherited) @executable_path/Frameworks";
				PRODUCT_BUNDLE_IDENTIFIER = "-.WhipMe";
				PRODUCT_NAME = "$(TARGET_NAME)";
			};
			name = Debug;
		};
		E4AB22031D82566A0044943E /* Release */ = {
			isa = XCBuildConfiguration;
			baseConfigurationReference = A030685417F6EAA902A8D211 /* Pods-WhipMe.release.xcconfig */;
			buildSettings = {
				ASSETCATALOG_COMPILER_APPICON_NAME = AppIcon;
				INFOPLIST_FILE = WhipMe/Info.plist;
				LD_RUNPATH_SEARCH_PATHS = "$(inherited) @executable_path/Frameworks";
				PRODUCT_BUNDLE_IDENTIFIER = "-.WhipMe";
				PRODUCT_NAME = "$(TARGET_NAME)";
			};
			name = Release;
		};
/* End XCBuildConfiguration section */

/* Begin XCConfigurationList section */
		E4AB21EA1D82566A0044943E /* Build configuration list for PBXProject "WhipMe" */ = {
			isa = XCConfigurationList;
			buildConfigurations = (
				E4AB21FF1D82566A0044943E /* Debug */,
				E4AB22001D82566A0044943E /* Release */,
			);
			defaultConfigurationIsVisible = 0;
			defaultConfigurationName = Release;
		};
		E4AB22011D82566A0044943E /* Build configuration list for PBXNativeTarget "WhipMe" */ = {
			isa = XCConfigurationList;
			buildConfigurations = (
				E4AB22021D82566A0044943E /* Debug */,
				E4AB22031D82566A0044943E /* Release */,
			);
			defaultConfigurationIsVisible = 0;
			defaultConfigurationName = Release;
		};
/* End XCConfigurationList section */
	};
	rootObject = E4AB21E71D82566A0044943E /* Project object */;
}
