// !$*UTF8*$!
{
	archiveVersion = 1;
	classes = {
	};
	objectVersion = 46;
	objects = {

/* Begin PBXBuildFile section */
		4F677D9C1DA0ED17004D54EA /* libWeChatSDK.a in Frameworks */ = {isa = PBXBuildFile; fileRef = 4F677D961DA0ED17004D54EA /* libWeChatSDK.a */; };
		4F677DA01DA0EDD6004D54EA /* libc++.tbd in Frameworks */ = {isa = PBXBuildFile; fileRef = 4F677D9F1DA0EDD6004D54EA /* libc++.tbd */; };
		4F677DA51DA10F5F004D54EA /* NSString+Validate.m in Sources */ = {isa = PBXBuildFile; fileRef = 4F677DA41DA10F5F004D54EA /* NSString+Validate.m */; };
		4F8D84221DA4C7CB0043C149 /* TopUpViewController.swift in Sources */ = {isa = PBXBuildFile; fileRef = 4F8D84211DA4C7CB0043C149 /* TopUpViewController.swift */; };
		8F8F647A783A41F3C96B8AD4 /* Pods_WhipMe.framework in Frameworks */ = {isa = PBXBuildFile; fileRef = 016FC22642FF3694F4358528 /* Pods_WhipMe.framework */; };
		C506DC2D1D8FD66B00785BE8 /* ChatConversationController.swift in Sources */ = {isa = PBXBuildFile; fileRef = C506DC2C1D8FD66B00785BE8 /* ChatConversationController.swift */; };
		C506DC321D8FE46F00785BE8 /* JMessage.framework in Frameworks */ = {isa = PBXBuildFile; fileRef = C506DC311D8FE46F00785BE8 /* JMessage.framework */; };
		C50A49891D9A06180003CE2D /* PhoneCodeButton.m in Sources */ = {isa = PBXBuildFile; fileRef = C50A49881D9A06180003CE2D /* PhoneCodeButton.m */; };
		C50A498B1D9A1B4D0003CE2D /* RegisterAndUserController.swift in Sources */ = {isa = PBXBuildFile; fileRef = C50A498A1D9A1B4D0003CE2D /* RegisterAndUserController.swift */; };
		C50EE1B91D8FA5B7005D5839 /* FriendsListViewCell.swift in Sources */ = {isa = PBXBuildFile; fileRef = C50EE1B81D8FA5B7005D5839 /* FriendsListViewCell.swift */; };
		C532CF971D87D77200840E65 /* chatModel.swift in Sources */ = {isa = PBXBuildFile; fileRef = C532CF961D87D77200840E65 /* chatModel.swift */; };
		C546FE271D829A7300012FB4 /* MainTabBarController.swift in Sources */ = {isa = PBXBuildFile; fileRef = C546FE261D829A7300012FB4 /* MainTabBarController.swift */; };
		C546FE291D829BF900012FB4 /* IndexViewController.swift in Sources */ = {isa = PBXBuildFile; fileRef = C546FE281D829BF900012FB4 /* IndexViewController.swift */; };
		C546FE2B1D829D5000012FB4 /* PrivateChatController.swift in Sources */ = {isa = PBXBuildFile; fileRef = C546FE2A1D829D5000012FB4 /* PrivateChatController.swift */; };
		C546FE2D1D829D6A00012FB4 /* FriendCircleController.swift in Sources */ = {isa = PBXBuildFile; fileRef = C546FE2C1D829D6A00012FB4 /* FriendCircleController.swift */; };
		C546FE2F1D829D8200012FB4 /* MemberViewController.swift in Sources */ = {isa = PBXBuildFile; fileRef = C546FE2E1D829D8200012FB4 /* MemberViewController.swift */; };
		C546FE331D82A35600012FB4 /* Define.swift in Sources */ = {isa = PBXBuildFile; fileRef = C546FE321D82A35600012FB4 /* Define.swift */; };
		C54DF9111D9BB4E20067BC9F /* PlanM.swift in Sources */ = {isa = PBXBuildFile; fileRef = C54DF9101D9BB4E20067BC9F /* PlanM.swift */; };
		C57A8D9F1D8FED3700887BE2 /* libz.1.2.8.tbd in Frameworks */ = {isa = PBXBuildFile; fileRef = C57A8D9E1D8FED3700887BE2 /* libz.1.2.8.tbd */; };
		C57A8DA11D8FED3D00887BE2 /* libsqlite3.0.tbd in Frameworks */ = {isa = PBXBuildFile; fileRef = C57A8DA01D8FED3D00887BE2 /* libsqlite3.0.tbd */; };
		C5920D391D8F8141007B199E /* ChatConversationListCell.swift in Sources */ = {isa = PBXBuildFile; fileRef = C5920D381D8F8141007B199E /* ChatConversationListCell.swift */; };
		C59B2A1B1D8F831C0055F026 /* UIKit.framework in Frameworks */ = {isa = PBXBuildFile; fileRef = C59B2A1A1D8F831C0055F026 /* UIKit.framework */; };
		C59B2A1D1D8F83280055F026 /* Security.framework in Frameworks */ = {isa = PBXBuildFile; fileRef = C59B2A1C1D8F83280055F026 /* Security.framework */; };
		C59B2A201D8F83320055F026 /* AVFoundation.framework in Frameworks */ = {isa = PBXBuildFile; fileRef = C59B2A1E1D8F83320055F026 /* AVFoundation.framework */; };
		C59B2A211D8F83320055F026 /* Foundation.framework in Frameworks */ = {isa = PBXBuildFile; fileRef = C59B2A1F1D8F83320055F026 /* Foundation.framework */; };
		C59B2A231D8F83410055F026 /* CoreFoundation.framework in Frameworks */ = {isa = PBXBuildFile; fileRef = C59B2A221D8F83410055F026 /* CoreFoundation.framework */; };
		C59B2A251D8F83530055F026 /* CoreTelephony.framework in Frameworks */ = {isa = PBXBuildFile; fileRef = C59B2A241D8F83530055F026 /* CoreTelephony.framework */; };
		C59B2A271D8F83610055F026 /* CoreGraphics.framework in Frameworks */ = {isa = PBXBuildFile; fileRef = C59B2A261D8F83610055F026 /* CoreGraphics.framework */; };
		C59B2A291D8F83710055F026 /* CoreAudio.framework in Frameworks */ = {isa = PBXBuildFile; fileRef = C59B2A281D8F83710055F026 /* CoreAudio.framework */; };
		C59B2A2B1D8F837A0055F026 /* SystemConfiguration.framework in Frameworks */ = {isa = PBXBuildFile; fileRef = C59B2A2A1D8F837A0055F026 /* SystemConfiguration.framework */; };
		C59B2A2D1D8F83820055F026 /* CFNetwork.framework in Frameworks */ = {isa = PBXBuildFile; fileRef = C59B2A2C1D8F83820055F026 /* CFNetwork.framework */; };
		C59B2A2F1D8F83900055F026 /* AudioToolbox.framework in Frameworks */ = {isa = PBXBuildFile; fileRef = C59B2A2E1D8F83900055F026 /* AudioToolbox.framework */; };
		C59B2A311D8F83950055F026 /* MobileCoreServices.framework in Frameworks */ = {isa = PBXBuildFile; fileRef = C59B2A301D8F83950055F026 /* MobileCoreServices.framework */; };
		C59B2A331D8F98DB0055F026 /* AddFriendsController.swift in Sources */ = {isa = PBXBuildFile; fileRef = C59B2A321D8F98DB0055F026 /* AddFriendsController.swift */; };
		C59B2A351D8F98EE0055F026 /* FriendsListController.swift in Sources */ = {isa = PBXBuildFile; fileRef = C59B2A341D8F98EE0055F026 /* FriendsListController.swift */; };
		C5A0B01D1D927A6000EADAEF /* UserInfoViewController.swift in Sources */ = {isa = PBXBuildFile; fileRef = C5A0B01C1D927A6000EADAEF /* UserInfoViewController.swift */; };
		C5A186A51D921A4D000866AB /* LoginViewController.swift in Sources */ = {isa = PBXBuildFile; fileRef = C5A186A41D921A4D000866AB /* LoginViewController.swift */; };
		C5A186A71D921A56000866AB /* RegisterViewController.swift in Sources */ = {isa = PBXBuildFile; fileRef = C5A186A61D921A56000866AB /* RegisterViewController.swift */; };
		C5A186A91D9236ED000866AB /* UITextFiled+MessageInputView.swift in Sources */ = {isa = PBXBuildFile; fileRef = C5A186A81D9236ED000866AB /* UITextFiled+MessageInputView.swift */; };
		C5A196FB1D94D0F6007BB67D /* SetingViewController.swift in Sources */ = {isa = PBXBuildFile; fileRef = C5A196FA1D94D0F6007BB67D /* SetingViewController.swift */; };
		C5A196FD1D94D76F007BB67D /* MyWalletViewController.swift in Sources */ = {isa = PBXBuildFile; fileRef = C5A196FC1D94D76F007BB67D /* MyWalletViewController.swift */; };
		C5A66B331D990E5C00612E16 /* LoginWayController.swift in Sources */ = {isa = PBXBuildFile; fileRef = C5A66B321D990E5C00612E16 /* LoginWayController.swift */; };
		C5A8290A1D936D9C00EBF46E /* UserInfoTableViewCell.swift in Sources */ = {isa = PBXBuildFile; fileRef = C5A829091D936D9C00EBF46E /* UserInfoTableViewCell.swift */; };
		C5A8290C1D93731400EBF46E /* UserEditViewController.swift in Sources */ = {isa = PBXBuildFile; fileRef = C5A8290B1D93731400EBF46E /* UserEditViewController.swift */; };
		C5A829141D93D30500EBF46E /* UIImage+Orientation.m in Sources */ = {isa = PBXBuildFile; fileRef = C5A829131D93D30500EBF46E /* UIImage+Orientation.m */; };
		C5D669A31D86436B008EE189 /* UIView+Size.swift in Sources */ = {isa = PBXBuildFile; fileRef = C5D669A21D86436B008EE189 /* UIView+Size.swift */; };
		C5D669A51D864695008EE189 /* UIImage+Draw.swift in Sources */ = {isa = PBXBuildFile; fileRef = C5D669A41D864695008EE189 /* UIImage+Draw.swift */; };
		C5F5D3D21D9CA83E0020491D /* ShareEngine.swift in Sources */ = {isa = PBXBuildFile; fileRef = C5F5D3D01D9CA83E0020491D /* ShareEngine.swift */; };
		C5F5D3D31D9CA83F0020491D /* UserInfoModel.swift in Sources */ = {isa = PBXBuildFile; fileRef = C5F5D3D11D9CA83E0020491D /* UserInfoModel.swift */; };
		E408D9921D8FB786006F2A75 /* HotAddCell.swift in Sources */ = {isa = PBXBuildFile; fileRef = E408D9911D8FB786006F2A75 /* HotAddCell.swift */; };
		E408D9961D90C85F006F2A75 /* PrivacyViewController.swift in Sources */ = {isa = PBXBuildFile; fileRef = E408D9951D90C85F006F2A75 /* PrivacyViewController.swift */; };
		E4189ED81D8E6AE000A619A6 /* AddWhipController.swift in Sources */ = {isa = PBXBuildFile; fileRef = E4189ED71D8E6AE000A619A6 /* AddWhipController.swift */; };
		E4189EDC1D8E741F00A619A6 /* FirstAddCustomCell.swift in Sources */ = {isa = PBXBuildFile; fileRef = E4189EDB1D8E741F00A619A6 /* FirstAddCustomCell.swift */; };
		E4189EDE1D8E744800A619A6 /* SecondAddCustomCell.swift in Sources */ = {isa = PBXBuildFile; fileRef = E4189EDD1D8E744800A619A6 /* SecondAddCustomCell.swift */; };
		E4189EE01D8E746400A619A6 /* ThirdAddCustomCell Cell.swift in Sources */ = {isa = PBXBuildFile; fileRef = E4189EDF1D8E746400A619A6 /* ThirdAddCustomCell Cell.swift */; };
		E4189EE41D8E7D0600A619A6 /* UIPlaceHolderTextView.m in Sources */ = {isa = PBXBuildFile; fileRef = E4189EE31D8E7D0600A619A6 /* UIPlaceHolderTextView.m */; };
		E425F3C01D95030C00B17581 /* LeftTextCell.swift in Sources */ = {isa = PBXBuildFile; fileRef = E425F3BF1D95030C00B17581 /* LeftTextCell.swift */; };
		E425F3C21D95032200B17581 /* CenterTextCell.swift in Sources */ = {isa = PBXBuildFile; fileRef = E425F3C11D95032200B17581 /* CenterTextCell.swift */; };
		E43D0F9F1DCC317F001A0B36 /* UserManager.swift in Sources */ = {isa = PBXBuildFile; fileRef = E43D0F9E1DCC317F001A0B36 /* UserManager.swift */; };
		E43D0FA31DCC3461001A0B36 /* libsqlite3.tbd in Frameworks */ = {isa = PBXBuildFile; fileRef = E43D0FA21DCC3461001A0B36 /* libsqlite3.tbd */; };
		E449AC831DAB8D200095B8C2 /* LICENSE in Resources */ = {isa = PBXBuildFile; fileRef = E449AC7F1DAB8D200095B8C2 /* LICENSE */; };
		E449AC841DAB8D200095B8C2 /* MBProgressHUD.m in Sources */ = {isa = PBXBuildFile; fileRef = E449AC811DAB8D200095B8C2 /* MBProgressHUD.m */; };
		E449AC851DAB8D200095B8C2 /* README.mdown in Sources */ = {isa = PBXBuildFile; fileRef = E449AC821DAB8D200095B8C2 /* README.mdown */; };
		E449AC8A1DAC87140095B8C2 /* Extension.swift in Sources */ = {isa = PBXBuildFile; fileRef = E449AC891DAC87140095B8C2 /* Extension.swift */; };
		E44C76001DAB8B5A0038C715 /* Tool.swift in Sources */ = {isa = PBXBuildFile; fileRef = E44C75FF1DAB8B5A0038C715 /* Tool.swift */; };
		E44E73971D9CB8C5007A73D8 /* Photos.framework in Frameworks */ = {isa = PBXBuildFile; fileRef = E44E73961D9CB8C5007A73D8 /* Photos.framework */; };
		E45753A11DC1CFAA0045F55B /* HttpAPIClient.m in Sources */ = {isa = PBXBuildFile; fileRef = E45753A01DC1CFAA0045F55B /* HttpAPIClient.m */; };
		E48C0BE91D87D8EC00802C6B /* RecommendCell.swift in Sources */ = {isa = PBXBuildFile; fileRef = E48C0BE81D87D8EC00802C6B /* RecommendCell.swift */; };
		E48C0BEE1D87E33400802C6B /* UIColor+expanded.m in Sources */ = {isa = PBXBuildFile; fileRef = E48C0BED1D87E33400802C6B /* UIColor+expanded.m */; };
		E4AB21F31D82566A0044943E /* AppDelegate.swift in Sources */ = {isa = PBXBuildFile; fileRef = E4AB21F21D82566A0044943E /* AppDelegate.swift */; };
		E4AB21FA1D82566A0044943E /* Assets.xcassets in Resources */ = {isa = PBXBuildFile; fileRef = E4AB21F91D82566A0044943E /* Assets.xcassets */; };
		E4AB21FD1D82566A0044943E /* LaunchScreen.storyboard in Resources */ = {isa = PBXBuildFile; fileRef = E4AB21FB1D82566A0044943E /* LaunchScreen.storyboard */; };
		E4C9B85A1D90D09600A4C14D /* SelectedCell.swift in Sources */ = {isa = PBXBuildFile; fileRef = E4C9B8591D90D09600A4C14D /* SelectedCell.swift */; };
		E4C9B86B1D921AFA00A4C14D /* CustomIOSAlertView.m in Sources */ = {isa = PBXBuildFile; fileRef = E4C9B86A1D921AFA00A4C14D /* CustomIOSAlertView.m */; };
		E4C9B86D1D921F7200A4C14D /* SGHDateView.swift in Sources */ = {isa = PBXBuildFile; fileRef = E4C9B86C1D921F7200A4C14D /* SGHDateView.swift */; };
		E4C9B8791D92586900A4C14D /* AlarmClockController.swift in Sources */ = {isa = PBXBuildFile; fileRef = E4C9B8781D92586900A4C14D /* AlarmClockController.swift */; };
		E4C9B87C1D92594D00A4C14D /* WeekCell.swift in Sources */ = {isa = PBXBuildFile; fileRef = E4C9B87B1D92594D00A4C14D /* WeekCell.swift */; };
		E4C9B8851D93690C00A4C14D /* NSObject+StoreValue.m in Sources */ = {isa = PBXBuildFile; fileRef = E4C9B8821D93690C00A4C14D /* NSObject+StoreValue.m */; };
		E4C9B8861D93690C00A4C14D /* StoreUserValue.m in Sources */ = {isa = PBXBuildFile; fileRef = E4C9B8841D93690C00A4C14D /* StoreUserValue.m */; };
		E4C9B8891D93693E00A4C14D /* FastCoder.m in Sources */ = {isa = PBXBuildFile; fileRef = E4C9B8881D93693E00A4C14D /* FastCoder.m */; settings = {COMPILER_FLAGS = "-fno-objc-arc"; }; };
		E4D97E4B1D991816006D3188 /* LogController.swift in Sources */ = {isa = PBXBuildFile; fileRef = E4D97E4A1D991816006D3188 /* LogController.swift */; };
		E4D97E4E1D991E32006D3188 /* NormalCell.swift in Sources */ = {isa = PBXBuildFile; fileRef = E4D97E4D1D991E32006D3188 /* NormalCell.swift */; };
		E4D97E551D9A126D006D3188 /* UIScrollView+EmptyDataSet.m in Sources */ = {isa = PBXBuildFile; fileRef = E4D97E541D9A126D006D3188 /* UIScrollView+EmptyDataSet.m */; };
		E4D97E581D9A3140006D3188 /* SnapKit.framework in Frameworks */ = {isa = PBXBuildFile; fileRef = E4D97E561D9A1631006D3188 /* SnapKit.framework */; };
/* End PBXBuildFile section */

/* Begin PBXFileReference section */
		016FC22642FF3694F4358528 /* Pods_WhipMe.framework */ = {isa = PBXFileReference; explicitFileType = wrapper.framework; includeInIndex = 0; path = Pods_WhipMe.framework; sourceTree = BUILT_PRODUCTS_DIR; };
		4F677D961DA0ED17004D54EA /* libWeChatSDK.a */ = {isa = PBXFileReference; lastKnownFileType = archive.ar; path = libWeChatSDK.a; sourceTree = "<group>"; };
		4F677D991DA0ED17004D54EA /* WechatAuthSDK.h */ = {isa = PBXFileReference; fileEncoding = 4; lastKnownFileType = sourcecode.c.h; path = WechatAuthSDK.h; sourceTree = "<group>"; };
		4F677D9A1DA0ED17004D54EA /* WXApi.h */ = {isa = PBXFileReference; fileEncoding = 4; lastKnownFileType = sourcecode.c.h; path = WXApi.h; sourceTree = "<group>"; };
		4F677D9B1DA0ED17004D54EA /* WXApiObject.h */ = {isa = PBXFileReference; fileEncoding = 4; lastKnownFileType = sourcecode.c.h; path = WXApiObject.h; sourceTree = "<group>"; };
		4F677D9F1DA0EDD6004D54EA /* libc++.tbd */ = {isa = PBXFileReference; lastKnownFileType = "sourcecode.text-based-dylib-definition"; name = "libc++.tbd"; path = "usr/lib/libc++.tbd"; sourceTree = SDKROOT; };
		4F677DA31DA10F5F004D54EA /* NSString+Validate.h */ = {isa = PBXFileReference; fileEncoding = 4; lastKnownFileType = sourcecode.c.h; path = "NSString+Validate.h"; sourceTree = "<group>"; };
		4F677DA41DA10F5F004D54EA /* NSString+Validate.m */ = {isa = PBXFileReference; fileEncoding = 4; lastKnownFileType = sourcecode.c.objc; path = "NSString+Validate.m"; sourceTree = "<group>"; };
		4F8D84211DA4C7CB0043C149 /* TopUpViewController.swift */ = {isa = PBXFileReference; fileEncoding = 4; lastKnownFileType = sourcecode.swift; path = TopUpViewController.swift; sourceTree = "<group>"; };
		A030685417F6EAA902A8D211 /* Pods-WhipMe.release.xcconfig */ = {isa = PBXFileReference; includeInIndex = 1; lastKnownFileType = text.xcconfig; name = "Pods-WhipMe.release.xcconfig"; path = "Pods/Target Support Files/Pods-WhipMe/Pods-WhipMe.release.xcconfig"; sourceTree = "<group>"; };
		AB9F213A8BB6602942F5D4EF /* Pods-WhipMe.debug.xcconfig */ = {isa = PBXFileReference; includeInIndex = 1; lastKnownFileType = text.xcconfig; name = "Pods-WhipMe.debug.xcconfig"; path = "Pods/Target Support Files/Pods-WhipMe/Pods-WhipMe.debug.xcconfig"; sourceTree = "<group>"; };
		C506DC2C1D8FD66B00785BE8 /* ChatConversationController.swift */ = {isa = PBXFileReference; fileEncoding = 4; lastKnownFileType = sourcecode.swift; path = ChatConversationController.swift; sourceTree = "<group>"; };
		C506DC311D8FE46F00785BE8 /* JMessage.framework */ = {isa = PBXFileReference; lastKnownFileType = wrapper.framework; path = JMessage.framework; sourceTree = "<group>"; };
		C50A49871D9A06180003CE2D /* PhoneCodeButton.h */ = {isa = PBXFileReference; fileEncoding = 4; lastKnownFileType = sourcecode.c.h; path = PhoneCodeButton.h; sourceTree = "<group>"; };
		C50A49881D9A06180003CE2D /* PhoneCodeButton.m */ = {isa = PBXFileReference; fileEncoding = 4; lastKnownFileType = sourcecode.c.objc; path = PhoneCodeButton.m; sourceTree = "<group>"; };
		C50A498A1D9A1B4D0003CE2D /* RegisterAndUserController.swift */ = {isa = PBXFileReference; fileEncoding = 4; lastKnownFileType = sourcecode.swift; path = RegisterAndUserController.swift; sourceTree = "<group>"; };
		C50EE1B81D8FA5B7005D5839 /* FriendsListViewCell.swift */ = {isa = PBXFileReference; fileEncoding = 4; lastKnownFileType = sourcecode.swift; path = FriendsListViewCell.swift; sourceTree = "<group>"; };
		C532CF961D87D77200840E65 /* chatModel.swift */ = {isa = PBXFileReference; fileEncoding = 4; lastKnownFileType = sourcecode.swift; path = chatModel.swift; sourceTree = "<group>"; };
		C53619511D825AC80065707C /* WhipMe-Bridging-Header.h */ = {isa = PBXFileReference; lastKnownFileType = sourcecode.c.h; path = "WhipMe-Bridging-Header.h"; sourceTree = "<group>"; };
		C546FE261D829A7300012FB4 /* MainTabBarController.swift */ = {isa = PBXFileReference; fileEncoding = 4; lastKnownFileType = sourcecode.swift; path = MainTabBarController.swift; sourceTree = "<group>"; };
		C546FE281D829BF900012FB4 /* IndexViewController.swift */ = {isa = PBXFileReference; fileEncoding = 4; lastKnownFileType = sourcecode.swift; path = IndexViewController.swift; sourceTree = "<group>"; };
		C546FE2A1D829D5000012FB4 /* PrivateChatController.swift */ = {isa = PBXFileReference; fileEncoding = 4; lastKnownFileType = sourcecode.swift; path = PrivateChatController.swift; sourceTree = "<group>"; };
		C546FE2C1D829D6A00012FB4 /* FriendCircleController.swift */ = {isa = PBXFileReference; fileEncoding = 4; lastKnownFileType = sourcecode.swift; path = FriendCircleController.swift; sourceTree = "<group>"; };
		C546FE2E1D829D8200012FB4 /* MemberViewController.swift */ = {isa = PBXFileReference; fileEncoding = 4; lastKnownFileType = sourcecode.swift; path = MemberViewController.swift; sourceTree = "<group>"; };
		C546FE321D82A35600012FB4 /* Define.swift */ = {isa = PBXFileReference; fileEncoding = 4; lastKnownFileType = sourcecode.swift; path = Define.swift; sourceTree = "<group>"; };
		C54DF9101D9BB4E20067BC9F /* PlanM.swift */ = {isa = PBXFileReference; fileEncoding = 4; lastKnownFileType = sourcecode.swift; path = PlanM.swift; sourceTree = "<group>"; };
		C57A8D9E1D8FED3700887BE2 /* libz.1.2.8.tbd */ = {isa = PBXFileReference; lastKnownFileType = "sourcecode.text-based-dylib-definition"; name = libz.1.2.8.tbd; path = usr/lib/libz.1.2.8.tbd; sourceTree = SDKROOT; };
		C57A8DA01D8FED3D00887BE2 /* libsqlite3.0.tbd */ = {isa = PBXFileReference; lastKnownFileType = "sourcecode.text-based-dylib-definition"; name = libsqlite3.0.tbd; path = usr/lib/libsqlite3.0.tbd; sourceTree = SDKROOT; };
		C5920D381D8F8141007B199E /* ChatConversationListCell.swift */ = {isa = PBXFileReference; fileEncoding = 4; lastKnownFileType = sourcecode.swift; path = ChatConversationListCell.swift; sourceTree = "<group>"; };
		C59B2A1A1D8F831C0055F026 /* UIKit.framework */ = {isa = PBXFileReference; lastKnownFileType = wrapper.framework; name = UIKit.framework; path = System/Library/Frameworks/UIKit.framework; sourceTree = SDKROOT; };
		C59B2A1C1D8F83280055F026 /* Security.framework */ = {isa = PBXFileReference; lastKnownFileType = wrapper.framework; name = Security.framework; path = System/Library/Frameworks/Security.framework; sourceTree = SDKROOT; };
		C59B2A1E1D8F83320055F026 /* AVFoundation.framework */ = {isa = PBXFileReference; lastKnownFileType = wrapper.framework; name = AVFoundation.framework; path = System/Library/Frameworks/AVFoundation.framework; sourceTree = SDKROOT; };
		C59B2A1F1D8F83320055F026 /* Foundation.framework */ = {isa = PBXFileReference; lastKnownFileType = wrapper.framework; name = Foundation.framework; path = System/Library/Frameworks/Foundation.framework; sourceTree = SDKROOT; };
		C59B2A221D8F83410055F026 /* CoreFoundation.framework */ = {isa = PBXFileReference; lastKnownFileType = wrapper.framework; name = CoreFoundation.framework; path = System/Library/Frameworks/CoreFoundation.framework; sourceTree = SDKROOT; };
		C59B2A241D8F83530055F026 /* CoreTelephony.framework */ = {isa = PBXFileReference; lastKnownFileType = wrapper.framework; name = CoreTelephony.framework; path = System/Library/Frameworks/CoreTelephony.framework; sourceTree = SDKROOT; };
		C59B2A261D8F83610055F026 /* CoreGraphics.framework */ = {isa = PBXFileReference; lastKnownFileType = wrapper.framework; name = CoreGraphics.framework; path = System/Library/Frameworks/CoreGraphics.framework; sourceTree = SDKROOT; };
		C59B2A281D8F83710055F026 /* CoreAudio.framework */ = {isa = PBXFileReference; lastKnownFileType = wrapper.framework; name = CoreAudio.framework; path = System/Library/Frameworks/CoreAudio.framework; sourceTree = SDKROOT; };
		C59B2A2A1D8F837A0055F026 /* SystemConfiguration.framework */ = {isa = PBXFileReference; lastKnownFileType = wrapper.framework; name = SystemConfiguration.framework; path = System/Library/Frameworks/SystemConfiguration.framework; sourceTree = SDKROOT; };
		C59B2A2C1D8F83820055F026 /* CFNetwork.framework */ = {isa = PBXFileReference; lastKnownFileType = wrapper.framework; name = CFNetwork.framework; path = System/Library/Frameworks/CFNetwork.framework; sourceTree = SDKROOT; };
		C59B2A2E1D8F83900055F026 /* AudioToolbox.framework */ = {isa = PBXFileReference; lastKnownFileType = wrapper.framework; name = AudioToolbox.framework; path = System/Library/Frameworks/AudioToolbox.framework; sourceTree = SDKROOT; };
		C59B2A301D8F83950055F026 /* MobileCoreServices.framework */ = {isa = PBXFileReference; lastKnownFileType = wrapper.framework; name = MobileCoreServices.framework; path = System/Library/Frameworks/MobileCoreServices.framework; sourceTree = SDKROOT; };
		C59B2A321D8F98DB0055F026 /* AddFriendsController.swift */ = {isa = PBXFileReference; fileEncoding = 4; lastKnownFileType = sourcecode.swift; path = AddFriendsController.swift; sourceTree = "<group>"; };
		C59B2A341D8F98EE0055F026 /* FriendsListController.swift */ = {isa = PBXFileReference; fileEncoding = 4; lastKnownFileType = sourcecode.swift; path = FriendsListController.swift; sourceTree = "<group>"; };
		C5A0B01C1D927A6000EADAEF /* UserInfoViewController.swift */ = {isa = PBXFileReference; fileEncoding = 4; lastKnownFileType = sourcecode.swift; path = UserInfoViewController.swift; sourceTree = "<group>"; };
		C5A186A41D921A4D000866AB /* LoginViewController.swift */ = {isa = PBXFileReference; fileEncoding = 4; lastKnownFileType = sourcecode.swift; path = LoginViewController.swift; sourceTree = "<group>"; };
		C5A186A61D921A56000866AB /* RegisterViewController.swift */ = {isa = PBXFileReference; fileEncoding = 4; lastKnownFileType = sourcecode.swift; path = RegisterViewController.swift; sourceTree = "<group>"; };
		C5A186A81D9236ED000866AB /* UITextFiled+MessageInputView.swift */ = {isa = PBXFileReference; fileEncoding = 4; lastKnownFileType = sourcecode.swift; path = "UITextFiled+MessageInputView.swift"; sourceTree = "<group>"; };
		C5A196FA1D94D0F6007BB67D /* SetingViewController.swift */ = {isa = PBXFileReference; fileEncoding = 4; lastKnownFileType = sourcecode.swift; path = SetingViewController.swift; sourceTree = "<group>"; };
		C5A196FC1D94D76F007BB67D /* MyWalletViewController.swift */ = {isa = PBXFileReference; fileEncoding = 4; lastKnownFileType = sourcecode.swift; path = MyWalletViewController.swift; sourceTree = "<group>"; };
		C5A66B321D990E5C00612E16 /* LoginWayController.swift */ = {isa = PBXFileReference; fileEncoding = 4; lastKnownFileType = sourcecode.swift; path = LoginWayController.swift; sourceTree = "<group>"; };
		C5A829091D936D9C00EBF46E /* UserInfoTableViewCell.swift */ = {isa = PBXFileReference; fileEncoding = 4; lastKnownFileType = sourcecode.swift; path = UserInfoTableViewCell.swift; sourceTree = "<group>"; };
		C5A8290B1D93731400EBF46E /* UserEditViewController.swift */ = {isa = PBXFileReference; fileEncoding = 4; lastKnownFileType = sourcecode.swift; path = UserEditViewController.swift; sourceTree = "<group>"; };
		C5A829121D93D30500EBF46E /* UIImage+Orientation.h */ = {isa = PBXFileReference; fileEncoding = 4; lastKnownFileType = sourcecode.c.h; path = "UIImage+Orientation.h"; sourceTree = "<group>"; };
		C5A829131D93D30500EBF46E /* UIImage+Orientation.m */ = {isa = PBXFileReference; fileEncoding = 4; lastKnownFileType = sourcecode.c.objc; path = "UIImage+Orientation.m"; sourceTree = "<group>"; };
		C5D669A21D86436B008EE189 /* UIView+Size.swift */ = {isa = PBXFileReference; fileEncoding = 4; lastKnownFileType = sourcecode.swift; name = "UIView+Size.swift"; path = "../iTools/UIView+Size.swift"; sourceTree = "<group>"; };
		C5D669A41D864695008EE189 /* UIImage+Draw.swift */ = {isa = PBXFileReference; fileEncoding = 4; lastKnownFileType = sourcecode.swift; name = "UIImage+Draw.swift"; path = "../iTools/UIImage+Draw.swift"; sourceTree = "<group>"; };
		C5F5D3D01D9CA83E0020491D /* ShareEngine.swift */ = {isa = PBXFileReference; fileEncoding = 4; lastKnownFileType = sourcecode.swift; path = ShareEngine.swift; sourceTree = "<group>"; };
		C5F5D3D11D9CA83E0020491D /* UserInfoModel.swift */ = {isa = PBXFileReference; fileEncoding = 4; lastKnownFileType = sourcecode.swift; path = UserInfoModel.swift; sourceTree = "<group>"; };
		E408D9911D8FB786006F2A75 /* HotAddCell.swift */ = {isa = PBXFileReference; fileEncoding = 4; lastKnownFileType = sourcecode.swift; path = HotAddCell.swift; sourceTree = "<group>"; };
		E408D9951D90C85F006F2A75 /* PrivacyViewController.swift */ = {isa = PBXFileReference; fileEncoding = 4; lastKnownFileType = sourcecode.swift; path = PrivacyViewController.swift; sourceTree = "<group>"; };
		E4189ED71D8E6AE000A619A6 /* AddWhipController.swift */ = {isa = PBXFileReference; fileEncoding = 4; lastKnownFileType = sourcecode.swift; path = AddWhipController.swift; sourceTree = "<group>"; };
		E4189EDB1D8E741F00A619A6 /* FirstAddCustomCell.swift */ = {isa = PBXFileReference; fileEncoding = 4; lastKnownFileType = sourcecode.swift; path = FirstAddCustomCell.swift; sourceTree = "<group>"; };
		E4189EDD1D8E744800A619A6 /* SecondAddCustomCell.swift */ = {isa = PBXFileReference; fileEncoding = 4; lastKnownFileType = sourcecode.swift; path = SecondAddCustomCell.swift; sourceTree = "<group>"; };
		E4189EDF1D8E746400A619A6 /* ThirdAddCustomCell Cell.swift */ = {isa = PBXFileReference; fileEncoding = 4; lastKnownFileType = sourcecode.swift; path = "ThirdAddCustomCell Cell.swift"; sourceTree = "<group>"; };
		E4189EE21D8E7D0600A619A6 /* UIPlaceHolderTextView.h */ = {isa = PBXFileReference; fileEncoding = 4; lastKnownFileType = sourcecode.c.h; path = UIPlaceHolderTextView.h; sourceTree = "<group>"; };
		E4189EE31D8E7D0600A619A6 /* UIPlaceHolderTextView.m */ = {isa = PBXFileReference; fileEncoding = 4; lastKnownFileType = sourcecode.c.objc; path = UIPlaceHolderTextView.m; sourceTree = "<group>"; };
		E425F3BF1D95030C00B17581 /* LeftTextCell.swift */ = {isa = PBXFileReference; fileEncoding = 4; lastKnownFileType = sourcecode.swift; path = LeftTextCell.swift; sourceTree = "<group>"; };
		E425F3C11D95032200B17581 /* CenterTextCell.swift */ = {isa = PBXFileReference; fileEncoding = 4; lastKnownFileType = sourcecode.swift; path = CenterTextCell.swift; sourceTree = "<group>"; };
		E43D0F9E1DCC317F001A0B36 /* UserManager.swift */ = {isa = PBXFileReference; fileEncoding = 4; lastKnownFileType = sourcecode.swift; path = UserManager.swift; sourceTree = "<group>"; };
		E43D0FA21DCC3461001A0B36 /* libsqlite3.tbd */ = {isa = PBXFileReference; lastKnownFileType = "sourcecode.text-based-dylib-definition"; name = libsqlite3.tbd; path = usr/lib/libsqlite3.tbd; sourceTree = SDKROOT; };
		E449AC7F1DAB8D200095B8C2 /* LICENSE */ = {isa = PBXFileReference; fileEncoding = 4; lastKnownFileType = text; path = LICENSE; sourceTree = "<group>"; };
		E449AC801DAB8D200095B8C2 /* MBProgressHUD.h */ = {isa = PBXFileReference; fileEncoding = 4; lastKnownFileType = sourcecode.c.h; path = MBProgressHUD.h; sourceTree = "<group>"; };
		E449AC811DAB8D200095B8C2 /* MBProgressHUD.m */ = {isa = PBXFileReference; fileEncoding = 4; lastKnownFileType = sourcecode.c.objc; path = MBProgressHUD.m; sourceTree = "<group>"; };
		E449AC821DAB8D200095B8C2 /* README.mdown */ = {isa = PBXFileReference; fileEncoding = 4; lastKnownFileType = net.daringfireball.markdown; path = README.mdown; sourceTree = "<group>"; };
		E449AC891DAC87140095B8C2 /* Extension.swift */ = {isa = PBXFileReference; fileEncoding = 4; lastKnownFileType = sourcecode.swift; path = Extension.swift; sourceTree = "<group>"; };
		E44C75FF1DAB8B5A0038C715 /* Tool.swift */ = {isa = PBXFileReference; fileEncoding = 4; lastKnownFileType = sourcecode.swift; path = Tool.swift; sourceTree = "<group>"; };
		E44E73961D9CB8C5007A73D8 /* Photos.framework */ = {isa = PBXFileReference; lastKnownFileType = wrapper.framework; name = Photos.framework; path = System/Library/Frameworks/Photos.framework; sourceTree = SDKROOT; };
		E44E739A1D9D002E007A73D8 /* Alamofire.framework */ = {isa = PBXFileReference; lastKnownFileType = wrapper.framework; name = Alamofire.framework; path = "../../Library/Developer/Xcode/DerivedData/WhipMe-eaqyghjblnwnddcudfhyngujbdlq/Build/Products/Release-iphoneos/Alamofire/Alamofire.framework"; sourceTree = "<group>"; };
		E457539F1DC1CFAA0045F55B /* HttpAPIClient.h */ = {isa = PBXFileReference; fileEncoding = 4; lastKnownFileType = sourcecode.c.h; path = HttpAPIClient.h; sourceTree = "<group>"; };
		E45753A01DC1CFAA0045F55B /* HttpAPIClient.m */ = {isa = PBXFileReference; fileEncoding = 4; lastKnownFileType = sourcecode.c.objc; path = HttpAPIClient.m; sourceTree = "<group>"; };
		E48C0BDE1D87D2B100802C6B /* Alamofire.framework */ = {isa = PBXFileReference; lastKnownFileType = wrapper.framework; name = Alamofire.framework; path = "../../Library/Developer/Xcode/DerivedData/WhipMe-eaqyghjblnwnddcudfhyngujbdlq/Build/Products/Debug-iphonesimulator/Alamofire/Alamofire.framework"; sourceTree = "<group>"; };
		E48C0BE01D87D2B900802C6B /* RxSwift.framework */ = {isa = PBXFileReference; lastKnownFileType = wrapper.framework; name = RxSwift.framework; path = "../../Library/Developer/Xcode/DerivedData/WhipMe-eaqyghjblnwnddcudfhyngujbdlq/Build/Products/Debug-iphonesimulator/RxSwift/RxSwift.framework"; sourceTree = "<group>"; };
		E48C0BE21D87D2C300802C6B /* SnapKit.framework */ = {isa = PBXFileReference; lastKnownFileType = wrapper.framework; name = SnapKit.framework; path = "../../Library/Developer/Xcode/DerivedData/WhipMe-eaqyghjblnwnddcudfhyngujbdlq/Build/Products/Debug-iphonesimulator/SnapKit/SnapKit.framework"; sourceTree = "<group>"; };
		E48C0BE81D87D8EC00802C6B /* RecommendCell.swift */ = {isa = PBXFileReference; fileEncoding = 4; lastKnownFileType = sourcecode.swift; path = RecommendCell.swift; sourceTree = "<group>"; };
		E48C0BEC1D87E33400802C6B /* UIColor+expanded.h */ = {isa = PBXFileReference; fileEncoding = 4; lastKnownFileType = sourcecode.c.h; path = "UIColor+expanded.h"; sourceTree = "<group>"; };
		E48C0BED1D87E33400802C6B /* UIColor+expanded.m */ = {isa = PBXFileReference; fileEncoding = 4; lastKnownFileType = sourcecode.c.objc; path = "UIColor+expanded.m"; sourceTree = "<group>"; };
		E4AB21EF1D82566A0044943E /* WhipMe.app */ = {isa = PBXFileReference; explicitFileType = wrapper.application; includeInIndex = 0; path = WhipMe.app; sourceTree = BUILT_PRODUCTS_DIR; };
		E4AB21F21D82566A0044943E /* AppDelegate.swift */ = {isa = PBXFileReference; lastKnownFileType = sourcecode.swift; name = AppDelegate.swift; path = WhipMe/AppDelegate.swift; sourceTree = "<group>"; };
		E4AB21F91D82566A0044943E /* Assets.xcassets */ = {isa = PBXFileReference; lastKnownFileType = folder.assetcatalog; path = Assets.xcassets; sourceTree = "<group>"; };
		E4AB21FC1D82566A0044943E /* Base */ = {isa = PBXFileReference; lastKnownFileType = file.storyboard; name = Base; path = Base.lproj/LaunchScreen.storyboard; sourceTree = "<group>"; };
		E4AB21FE1D82566A0044943E /* Info.plist */ = {isa = PBXFileReference; lastKnownFileType = text.plist.xml; path = Info.plist; sourceTree = "<group>"; };
		E4C9B8591D90D09600A4C14D /* SelectedCell.swift */ = {isa = PBXFileReference; fileEncoding = 4; lastKnownFileType = sourcecode.swift; path = SelectedCell.swift; sourceTree = "<group>"; };
		E4C9B8691D921AFA00A4C14D /* CustomIOSAlertView.h */ = {isa = PBXFileReference; fileEncoding = 4; lastKnownFileType = sourcecode.c.h; path = CustomIOSAlertView.h; sourceTree = "<group>"; };
		E4C9B86A1D921AFA00A4C14D /* CustomIOSAlertView.m */ = {isa = PBXFileReference; fileEncoding = 4; lastKnownFileType = sourcecode.c.objc; path = CustomIOSAlertView.m; sourceTree = "<group>"; };
		E4C9B86C1D921F7200A4C14D /* SGHDateView.swift */ = {isa = PBXFileReference; fileEncoding = 4; lastKnownFileType = sourcecode.swift; name = SGHDateView.swift; path = ../../Controller/Index/SGHDateView.swift; sourceTree = "<group>"; };
		E4C9B8781D92586900A4C14D /* AlarmClockController.swift */ = {isa = PBXFileReference; fileEncoding = 4; lastKnownFileType = sourcecode.swift; path = AlarmClockController.swift; sourceTree = "<group>"; };
		E4C9B87B1D92594D00A4C14D /* WeekCell.swift */ = {isa = PBXFileReference; fileEncoding = 4; lastKnownFileType = sourcecode.swift; path = WeekCell.swift; sourceTree = "<group>"; };
		E4C9B8811D93690C00A4C14D /* NSObject+StoreValue.h */ = {isa = PBXFileReference; fileEncoding = 4; lastKnownFileType = sourcecode.c.h; path = "NSObject+StoreValue.h"; sourceTree = "<group>"; };
		E4C9B8821D93690C00A4C14D /* NSObject+StoreValue.m */ = {isa = PBXFileReference; fileEncoding = 4; lastKnownFileType = sourcecode.c.objc; path = "NSObject+StoreValue.m"; sourceTree = "<group>"; };
		E4C9B8831D93690C00A4C14D /* StoreUserValue.h */ = {isa = PBXFileReference; fileEncoding = 4; lastKnownFileType = sourcecode.c.h; path = StoreUserValue.h; sourceTree = "<group>"; };
		E4C9B8841D93690C00A4C14D /* StoreUserValue.m */ = {isa = PBXFileReference; fileEncoding = 4; lastKnownFileType = sourcecode.c.objc; path = StoreUserValue.m; sourceTree = "<group>"; };
		E4C9B8871D93693E00A4C14D /* FastCoder.h */ = {isa = PBXFileReference; fileEncoding = 4; lastKnownFileType = sourcecode.c.h; path = FastCoder.h; sourceTree = "<group>"; };
		E4C9B8881D93693E00A4C14D /* FastCoder.m */ = {isa = PBXFileReference; fileEncoding = 4; lastKnownFileType = sourcecode.c.objc; path = FastCoder.m; sourceTree = "<group>"; };
		E4D97E4A1D991816006D3188 /* LogController.swift */ = {isa = PBXFileReference; fileEncoding = 4; lastKnownFileType = sourcecode.swift; path = LogController.swift; sourceTree = "<group>"; };
		E4D97E4D1D991E32006D3188 /* NormalCell.swift */ = {isa = PBXFileReference; fileEncoding = 4; lastKnownFileType = sourcecode.swift; path = NormalCell.swift; sourceTree = "<group>"; };
		E4D97E531D9A126D006D3188 /* UIScrollView+EmptyDataSet.h */ = {isa = PBXFileReference; fileEncoding = 4; lastKnownFileType = sourcecode.c.h; path = "UIScrollView+EmptyDataSet.h"; sourceTree = "<group>"; };
		E4D97E541D9A126D006D3188 /* UIScrollView+EmptyDataSet.m */ = {isa = PBXFileReference; fileEncoding = 4; lastKnownFileType = sourcecode.c.objc; path = "UIScrollView+EmptyDataSet.m"; sourceTree = "<group>"; };
		E4D97E561D9A1631006D3188 /* SnapKit.framework */ = {isa = PBXFileReference; lastKnownFileType = wrapper.framework; name = SnapKit.framework; path = "../../Library/Developer/Xcode/DerivedData/WhipMe-eaqyghjblnwnddcudfhyngujbdlq/Build/Products/Release-iphonesimulator/SnapKit/SnapKit.framework"; sourceTree = "<group>"; };
/* End PBXFileReference section */

/* Begin PBXFrameworksBuildPhase section */
		E4AB21EC1D82566A0044943E /* Frameworks */ = {
			isa = PBXFrameworksBuildPhase;
			buildActionMask = 2147483647;
			files = (
				E43D0FA31DCC3461001A0B36 /* libsqlite3.tbd in Frameworks */,
				E44E73971D9CB8C5007A73D8 /* Photos.framework in Frameworks */,
				E4D97E581D9A3140006D3188 /* SnapKit.framework in Frameworks */,
				4F677DA01DA0EDD6004D54EA /* libc++.tbd in Frameworks */,
				C57A8DA11D8FED3D00887BE2 /* libsqlite3.0.tbd in Frameworks */,
				C57A8D9F1D8FED3700887BE2 /* libz.1.2.8.tbd in Frameworks */,
				4F677D9C1DA0ED17004D54EA /* libWeChatSDK.a in Frameworks */,
				C59B2A311D8F83950055F026 /* MobileCoreServices.framework in Frameworks */,
				C59B2A2F1D8F83900055F026 /* AudioToolbox.framework in Frameworks */,
				C59B2A2D1D8F83820055F026 /* CFNetwork.framework in Frameworks */,
				C59B2A2B1D8F837A0055F026 /* SystemConfiguration.framework in Frameworks */,
				C59B2A291D8F83710055F026 /* CoreAudio.framework in Frameworks */,
				C59B2A271D8F83610055F026 /* CoreGraphics.framework in Frameworks */,
				C59B2A251D8F83530055F026 /* CoreTelephony.framework in Frameworks */,
				C59B2A231D8F83410055F026 /* CoreFoundation.framework in Frameworks */,
				C59B2A201D8F83320055F026 /* AVFoundation.framework in Frameworks */,
				C59B2A211D8F83320055F026 /* Foundation.framework in Frameworks */,
				C59B2A1D1D8F83280055F026 /* Security.framework in Frameworks */,
				C59B2A1B1D8F831C0055F026 /* UIKit.framework in Frameworks */,
				C506DC321D8FE46F00785BE8 /* JMessage.framework in Frameworks */,
				8F8F647A783A41F3C96B8AD4 /* Pods_WhipMe.framework in Frameworks */,
			);
			runOnlyForDeploymentPostprocessing = 0;
		};
/* End PBXFrameworksBuildPhase section */

/* Begin PBXGroup section */
		4F677D951DA0ED17004D54EA /* SDKWeChat */ = {
			isa = PBXGroup;
			children = (
				4F677D961DA0ED17004D54EA /* libWeChatSDK.a */,
				4F677D991DA0ED17004D54EA /* WechatAuthSDK.h */,
				4F677D9A1DA0ED17004D54EA /* WXApi.h */,
				4F677D9B1DA0ED17004D54EA /* WXApiObject.h */,
			);
			path = SDKWeChat;
			sourceTree = "<group>";
		};
		947F4EA01047703EED7AF923 /* Pods */ = {
			isa = PBXGroup;
			children = (
				AB9F213A8BB6602942F5D4EF /* Pods-WhipMe.debug.xcconfig */,
				A030685417F6EAA902A8D211 /* Pods-WhipMe.release.xcconfig */,
			);
			name = Pods;
			sourceTree = "<group>";
		};
		C506DC301D8FE46F00785BE8 /* JMessage */ = {
			isa = PBXGroup;
			children = (
				C506DC311D8FE46F00785BE8 /* JMessage.framework */,
			);
			path = JMessage;
			sourceTree = "<group>";
		};
		C50A49841D9A055C0003CE2D /* Login */ = {
			isa = PBXGroup;
			children = (
				C50A49871D9A06180003CE2D /* PhoneCodeButton.h */,
				C50A49881D9A06180003CE2D /* PhoneCodeButton.m */,
			);
			path = Login;
			sourceTree = "<group>";
		};
		C53619581D825C180065707C /* Supporting Files */ = {
			isa = PBXGroup;
			children = (
				E4AB21F91D82566A0044943E /* Assets.xcassets */,
				E4AB21FB1D82566A0044943E /* LaunchScreen.storyboard */,
				E4AB21FE1D82566A0044943E /* Info.plist */,
				C53619511D825AC80065707C /* WhipMe-Bridging-Header.h */,
			);
			name = "Supporting Files";
			sourceTree = "<group>";
		};
		C546FE0F1D82989700012FB4 /* Controller */ = {
			isa = PBXGroup;
			children = (
				C5A1869D1D921A0D000866AB /* Login */,
				C546FE1E1D82992B00012FB4 /* Root */,
				C546FE121D82989700012FB4 /* Index */,
				C546FE111D82989700012FB4 /* FriendCircle */,
				C546FE101D82989700012FB4 /* Chat */,
				C546FE131D82989700012FB4 /* Member */,
			);
			path = Controller;
			sourceTree = "<group>";
		};
		C546FE101D82989700012FB4 /* Chat */ = {
			isa = PBXGroup;
			children = (
				C546FE2A1D829D5000012FB4 /* PrivateChatController.swift */,
				C59B2A321D8F98DB0055F026 /* AddFriendsController.swift */,
				C59B2A341D8F98EE0055F026 /* FriendsListController.swift */,
				C506DC2C1D8FD66B00785BE8 /* ChatConversationController.swift */,
			);
			path = Chat;
			sourceTree = "<group>";
		};
		C546FE111D82989700012FB4 /* FriendCircle */ = {
			isa = PBXGroup;
			children = (
				C546FE2C1D829D6A00012FB4 /* FriendCircleController.swift */,
			);
			path = FriendCircle;
			sourceTree = "<group>";
		};
		C546FE121D82989700012FB4 /* Index */ = {
			isa = PBXGroup;
			children = (
				C546FE281D829BF900012FB4 /* IndexViewController.swift */,
				E4189ED71D8E6AE000A619A6 /* AddWhipController.swift */,
				E408D9951D90C85F006F2A75 /* PrivacyViewController.swift */,
				E4C9B8781D92586900A4C14D /* AlarmClockController.swift */,
				E4D97E4A1D991816006D3188 /* LogController.swift */,
			);
			path = Index;
			sourceTree = "<group>";
		};
		C546FE131D82989700012FB4 /* Member */ = {
			isa = PBXGroup;
			children = (
				C546FE2E1D829D8200012FB4 /* MemberViewController.swift */,
				C5A0B01C1D927A6000EADAEF /* UserInfoViewController.swift */,
				C5A8290B1D93731400EBF46E /* UserEditViewController.swift */,
				C5A196FA1D94D0F6007BB67D /* SetingViewController.swift */,
				C5A196FC1D94D76F007BB67D /* MyWalletViewController.swift */,
				4F8D84211DA4C7CB0043C149 /* TopUpViewController.swift */,
			);
			path = Member;
			sourceTree = "<group>";
		};
		C546FE141D82989700012FB4 /* Model */ = {
			isa = PBXGroup;
			children = (
				C5F5D3CF1D9CA83E0020491D /* Member */,
				E4C9B85E1D90EA8F00A4C14D /* Index */,
				C546FE151D82989700012FB4 /* Chat */,
				C546FE161D82989700012FB4 /* FriendCircle */,
			);
			path = Model;
			sourceTree = "<group>";
		};
		C546FE151D82989700012FB4 /* Chat */ = {
			isa = PBXGroup;
			children = (
				C532CF961D87D77200840E65 /* chatModel.swift */,
			);
			path = Chat;
			sourceTree = "<group>";
		};
		C546FE161D82989700012FB4 /* FriendCircle */ = {
			isa = PBXGroup;
			children = (
			);
			path = FriendCircle;
			sourceTree = "<group>";
		};
		C546FE191D82989700012FB4 /* Views */ = {
			isa = PBXGroup;
			children = (
				C50A49841D9A055C0003CE2D /* Login */,
				E4189ED91D8E73C200A619A6 /* Index */,
				C546FE1A1D82989700012FB4 /* Chat */,
				C546FE1B1D82989700012FB4 /* FriendCircle */,
				C546FE1D1D82989700012FB4 /* Member */,
				E4D97E4D1D991E32006D3188 /* NormalCell.swift */,
			);
			path = Views;
			sourceTree = "<group>";
		};
		C546FE1A1D82989700012FB4 /* Chat */ = {
			isa = PBXGroup;
			children = (
				C5920D381D8F8141007B199E /* ChatConversationListCell.swift */,
				C50EE1B81D8FA5B7005D5839 /* FriendsListViewCell.swift */,
			);
			path = Chat;
			sourceTree = "<group>";
		};
		C546FE1B1D82989700012FB4 /* FriendCircle */ = {
			isa = PBXGroup;
			children = (
				E48C0BE81D87D8EC00802C6B /* RecommendCell.swift */,
			);
			path = FriendCircle;
			sourceTree = "<group>";
		};
		C546FE1D1D82989700012FB4 /* Member */ = {
			isa = PBXGroup;
			children = (
				C5A829091D936D9C00EBF46E /* UserInfoTableViewCell.swift */,
			);
			path = Member;
			sourceTree = "<group>";
		};
		C546FE1E1D82992B00012FB4 /* Root */ = {
			isa = PBXGroup;
			children = (
				C546FE261D829A7300012FB4 /* MainTabBarController.swift */,
			);
			path = Root;
			sourceTree = "<group>";
		};
		C546FE301D82A33200012FB4 /* Utils */ = {
			isa = PBXGroup;
			children = (
				E4189EE11D8E7CE400A619A6 /* ThirdParty */,
				E48C0BEB1D87E32C00802C6B /* Extension */,
				C5D669A11D864203008EE189 /* iTools */,
				C546FE311D82A33200012FB4 /* Config */,
			);
			path = Utils;
			sourceTree = "<group>";
		};
		C546FE311D82A33200012FB4 /* Config */ = {
			isa = PBXGroup;
			children = (
				C546FE321D82A35600012FB4 /* Define.swift */,
				E457539F1DC1CFAA0045F55B /* HttpAPIClient.h */,
				E45753A01DC1CFAA0045F55B /* HttpAPIClient.m */,
				E43D0F9E1DCC317F001A0B36 /* UserManager.swift */,
			);
			path = Config;
			sourceTree = "<group>";
		};
		C5A1869D1D921A0D000866AB /* Login */ = {
			isa = PBXGroup;
			children = (
				C5A186A41D921A4D000866AB /* LoginViewController.swift */,
				C5A186A61D921A56000866AB /* RegisterViewController.swift */,
				C5A66B321D990E5C00612E16 /* LoginWayController.swift */,
				C50A498A1D9A1B4D0003CE2D /* RegisterAndUserController.swift */,
			);
			path = Login;
			sourceTree = "<group>";
		};
		C5D669A11D864203008EE189 /* iTools */ = {
			isa = PBXGroup;
			children = (
				E44C75FF1DAB8B5A0038C715 /* Tool.swift */,
			);
			path = iTools;
			sourceTree = "<group>";
		};
		C5F5D3CF1D9CA83E0020491D /* Member */ = {
			isa = PBXGroup;
			children = (
				C5F5D3D01D9CA83E0020491D /* ShareEngine.swift */,
				C5F5D3D11D9CA83E0020491D /* UserInfoModel.swift */,
			);
			path = Member;
			sourceTree = "<group>";
		};
		DF3182C0EA9A0BB160551313 /* Frameworks */ = {
			isa = PBXGroup;
			children = (
				E43D0FA21DCC3461001A0B36 /* libsqlite3.tbd */,
				E44E739A1D9D002E007A73D8 /* Alamofire.framework */,
				E44E73961D9CB8C5007A73D8 /* Photos.framework */,
				E4D97E561D9A1631006D3188 /* SnapKit.framework */,
				4F677D9F1DA0EDD6004D54EA /* libc++.tbd */,
				C57A8DA01D8FED3D00887BE2 /* libsqlite3.0.tbd */,
				C57A8D9E1D8FED3700887BE2 /* libz.1.2.8.tbd */,
				C59B2A301D8F83950055F026 /* MobileCoreServices.framework */,
				C59B2A2E1D8F83900055F026 /* AudioToolbox.framework */,
				C59B2A2C1D8F83820055F026 /* CFNetwork.framework */,
				C59B2A2A1D8F837A0055F026 /* SystemConfiguration.framework */,
				C59B2A281D8F83710055F026 /* CoreAudio.framework */,
				C59B2A261D8F83610055F026 /* CoreGraphics.framework */,
				C59B2A241D8F83530055F026 /* CoreTelephony.framework */,
				C59B2A221D8F83410055F026 /* CoreFoundation.framework */,
				C59B2A1E1D8F83320055F026 /* AVFoundation.framework */,
				C59B2A1F1D8F83320055F026 /* Foundation.framework */,
				C59B2A1C1D8F83280055F026 /* Security.framework */,
				C59B2A1A1D8F831C0055F026 /* UIKit.framework */,
				E48C0BE21D87D2C300802C6B /* SnapKit.framework */,
				E48C0BE01D87D2B900802C6B /* RxSwift.framework */,
				E48C0BDE1D87D2B100802C6B /* Alamofire.framework */,
				016FC22642FF3694F4358528 /* Pods_WhipMe.framework */,
			);
			name = Frameworks;
			sourceTree = "<group>";
		};
		E408D9901D8FB76D006F2A75 /* Hot_add */ = {
			isa = PBXGroup;
			children = (
				E408D9911D8FB786006F2A75 /* HotAddCell.swift */,
			);
			path = Hot_add;
			sourceTree = "<group>";
		};
		E4189ED91D8E73C200A619A6 /* Index */ = {
			isa = PBXGroup;
			children = (
				E4C9B87A1D92591600A4C14D /* AlarmClockCell */,
				E408D9901D8FB76D006F2A75 /* Hot_add */,
				E4189EDA1D8E73EE00A619A6 /* Custom_add */,
				E4C9B8591D90D09600A4C14D /* SelectedCell.swift */,
				E425F3BF1D95030C00B17581 /* LeftTextCell.swift */,
				E425F3C11D95032200B17581 /* CenterTextCell.swift */,
				E4C9B86C1D921F7200A4C14D /* SGHDateView.swift */,
			);
			path = Index;
			sourceTree = "<group>";
		};
		E4189EDA1D8E73EE00A619A6 /* Custom_add */ = {
			isa = PBXGroup;
			children = (
				E4189EDB1D8E741F00A619A6 /* FirstAddCustomCell.swift */,
				E4189EDD1D8E744800A619A6 /* SecondAddCustomCell.swift */,
				E4189EDF1D8E746400A619A6 /* ThirdAddCustomCell Cell.swift */,
			);
			path = Custom_add;
			sourceTree = "<group>";
		};
		E4189EE11D8E7CE400A619A6 /* ThirdParty */ = {
			isa = PBXGroup;
			children = (
				E449AC7E1DAB8D200095B8C2 /* MBProgressHUD */,
				E4D97E521D9A126D006D3188 /* DZNEmptyDataSet */,
				4F677D951DA0ED17004D54EA /* SDKWeChat */,
				E4C9B8801D93690C00A4C14D /* StoreValue */,
				C506DC301D8FE46F00785BE8 /* JMessage */,
				E4C9B8691D921AFA00A4C14D /* CustomIOSAlertView.h */,
				E4C9B86A1D921AFA00A4C14D /* CustomIOSAlertView.m */,
				E4189EE21D8E7D0600A619A6 /* UIPlaceHolderTextView.h */,
				E4189EE31D8E7D0600A619A6 /* UIPlaceHolderTextView.m */,
			);
			path = ThirdParty;
			sourceTree = "<group>";
		};
		E449AC7E1DAB8D200095B8C2 /* MBProgressHUD */ = {
			isa = PBXGroup;
			children = (
				E449AC7F1DAB8D200095B8C2 /* LICENSE */,
				E449AC801DAB8D200095B8C2 /* MBProgressHUD.h */,
				E449AC811DAB8D200095B8C2 /* MBProgressHUD.m */,
				E449AC821DAB8D200095B8C2 /* README.mdown */,
			);
			path = MBProgressHUD;
			sourceTree = "<group>";
		};
		E48C0BEB1D87E32C00802C6B /* Extension */ = {
			isa = PBXGroup;
			children = (
				C5A829121D93D30500EBF46E /* UIImage+Orientation.h */,
				C5A829131D93D30500EBF46E /* UIImage+Orientation.m */,
				C5D669A21D86436B008EE189 /* UIView+Size.swift */,
				C5D669A41D864695008EE189 /* UIImage+Draw.swift */,
				E449AC891DAC87140095B8C2 /* Extension.swift */,
				C5A186A81D9236ED000866AB /* UITextFiled+MessageInputView.swift */,
				E48C0BEC1D87E33400802C6B /* UIColor+expanded.h */,
				E48C0BED1D87E33400802C6B /* UIColor+expanded.m */,
				4F677DA31DA10F5F004D54EA /* NSString+Validate.h */,
				4F677DA41DA10F5F004D54EA /* NSString+Validate.m */,
			);
			path = Extension;
			sourceTree = "<group>";
		};
		E4AB21E61D82566A0044943E = {
			isa = PBXGroup;
			children = (
				E4AB21F21D82566A0044943E /* AppDelegate.swift */,
				C546FE301D82A33200012FB4 /* Utils */,
				E4AB21F11D82566A0044943E /* WhipMe */,
				E4AB21F01D82566A0044943E /* Products */,
				947F4EA01047703EED7AF923 /* Pods */,
				DF3182C0EA9A0BB160551313 /* Frameworks */,
			);
			sourceTree = "<group>";
		};
		E4AB21F01D82566A0044943E /* Products */ = {
			isa = PBXGroup;
			children = (
				E4AB21EF1D82566A0044943E /* WhipMe.app */,
			);
			name = Products;
			sourceTree = "<group>";
		};
		E4AB21F11D82566A0044943E /* WhipMe */ = {
			isa = PBXGroup;
			children = (
				C546FE0F1D82989700012FB4 /* Controller */,
				C546FE141D82989700012FB4 /* Model */,
				C546FE191D82989700012FB4 /* Views */,
				C53619581D825C180065707C /* Supporting Files */,
			);
			path = WhipMe;
			sourceTree = "<group>";
		};
		E4C9B85E1D90EA8F00A4C14D /* Index */ = {
			isa = PBXGroup;
			children = (
				C54DF9101D9BB4E20067BC9F /* PlanM.swift */,
			);
			path = Index;
			sourceTree = "<group>";
		};
		E4C9B87A1D92591600A4C14D /* AlarmClockCell */ = {
			isa = PBXGroup;
			children = (
				E4C9B87B1D92594D00A4C14D /* WeekCell.swift */,
			);
			path = AlarmClockCell;
			sourceTree = "<group>";
		};
		E4C9B8801D93690C00A4C14D /* StoreValue */ = {
			isa = PBXGroup;
			children = (
				E4C9B8871D93693E00A4C14D /* FastCoder.h */,
				E4C9B8881D93693E00A4C14D /* FastCoder.m */,
				E4C9B8811D93690C00A4C14D /* NSObject+StoreValue.h */,
				E4C9B8821D93690C00A4C14D /* NSObject+StoreValue.m */,
				E4C9B8831D93690C00A4C14D /* StoreUserValue.h */,
				E4C9B8841D93690C00A4C14D /* StoreUserValue.m */,
			);
			path = StoreValue;
			sourceTree = "<group>";
		};
		E4D97E521D9A126D006D3188 /* DZNEmptyDataSet */ = {
			isa = PBXGroup;
			children = (
				E4D97E531D9A126D006D3188 /* UIScrollView+EmptyDataSet.h */,
				E4D97E541D9A126D006D3188 /* UIScrollView+EmptyDataSet.m */,
			);
			path = DZNEmptyDataSet;
			sourceTree = "<group>";
		};
/* End PBXGroup section */

/* Begin PBXNativeTarget section */
		E4AB21EE1D82566A0044943E /* WhipMe */ = {
			isa = PBXNativeTarget;
			buildConfigurationList = E4AB22011D82566A0044943E /* Build configuration list for PBXNativeTarget "WhipMe" */;
			buildPhases = (
				CF0A019A01CD820C1E7C4AB2 /* [CP] Check Pods Manifest.lock */,
				E4AB21EB1D82566A0044943E /* Sources */,
				E4AB21EC1D82566A0044943E /* Frameworks */,
				E4AB21ED1D82566A0044943E /* Resources */,
				761D1CCB98A1FF0DEFBB3C3E /* [CP] Embed Pods Frameworks */,
				72961958ADAEFB40D3706F39 /* [CP] Copy Pods Resources */,
			);
			buildRules = (
			);
			dependencies = (
			);
			name = WhipMe;
			productName = WhipMe;
			productReference = E4AB21EF1D82566A0044943E /* WhipMe.app */;
			productType = "com.apple.product-type.application";
		};
/* End PBXNativeTarget section */

/* Begin PBXProject section */
		E4AB21E71D82566A0044943E /* Project object */ = {
			isa = PBXProject;
			attributes = {
				LastSwiftUpdateCheck = 0730;
				LastUpgradeCheck = 0800;
				ORGANIZATIONNAME = "-";
				TargetAttributes = {
					E4AB21EE1D82566A0044943E = {
						CreatedOnToolsVersion = 7.3.1;
						DevelopmentTeam = BG6HSL32ZA;
						LastSwiftMigration = 0800;
						ProvisioningStyle = Automatic;
						SystemCapabilities = {
							com.apple.BackgroundModes = {
								enabled = 1;
							};
						};
					};
				};
			};
			buildConfigurationList = E4AB21EA1D82566A0044943E /* Build configuration list for PBXProject "WhipMe" */;
			compatibilityVersion = "Xcode 3.2";
			developmentRegion = English;
			hasScannedForEncodings = 0;
			knownRegions = (
				en,
				Base,
			);
			mainGroup = E4AB21E61D82566A0044943E;
			productRefGroup = E4AB21F01D82566A0044943E /* Products */;
			projectDirPath = "";
			projectRoot = "";
			targets = (
				E4AB21EE1D82566A0044943E /* WhipMe */,
			);
		};
/* End PBXProject section */

/* Begin PBXResourcesBuildPhase section */
		E4AB21ED1D82566A0044943E /* Resources */ = {
			isa = PBXResourcesBuildPhase;
			buildActionMask = 2147483647;
			files = (
				E449AC831DAB8D200095B8C2 /* LICENSE in Resources */,
				E4AB21FD1D82566A0044943E /* LaunchScreen.storyboard in Resources */,
				E4AB21FA1D82566A0044943E /* Assets.xcassets in Resources */,
			);
			runOnlyForDeploymentPostprocessing = 0;
		};
/* End PBXResourcesBuildPhase section */

/* Begin PBXShellScriptBuildPhase section */
		72961958ADAEFB40D3706F39 /* [CP] Copy Pods Resources */ = {
			isa = PBXShellScriptBuildPhase;
			buildActionMask = 2147483647;
			files = (
			);
			inputPaths = (
			);
			name = "[CP] Copy Pods Resources";
			outputPaths = (
			);
			runOnlyForDeploymentPostprocessing = 0;
			shellPath = /bin/sh;
			shellScript = "\"${SRCROOT}/Pods/Target Support Files/Pods-WhipMe/Pods-WhipMe-resources.sh\"\n";
			showEnvVarsInLog = 0;
		};
		761D1CCB98A1FF0DEFBB3C3E /* [CP] Embed Pods Frameworks */ = {
			isa = PBXShellScriptBuildPhase;
			buildActionMask = 2147483647;
			files = (
			);
			inputPaths = (
			);
			name = "[CP] Embed Pods Frameworks";
			outputPaths = (
			);
			runOnlyForDeploymentPostprocessing = 0;
			shellPath = /bin/sh;
			shellScript = "\"${SRCROOT}/Pods/Target Support Files/Pods-WhipMe/Pods-WhipMe-frameworks.sh\"\n";
			showEnvVarsInLog = 0;
		};
		CF0A019A01CD820C1E7C4AB2 /* [CP] Check Pods Manifest.lock */ = {
			isa = PBXShellScriptBuildPhase;
			buildActionMask = 2147483647;
			files = (
			);
			inputPaths = (
			);
			name = "[CP] Check Pods Manifest.lock";
			outputPaths = (
			);
			runOnlyForDeploymentPostprocessing = 0;
			shellPath = /bin/sh;
			shellScript = "diff \"${PODS_ROOT}/../Podfile.lock\" \"${PODS_ROOT}/Manifest.lock\" > /dev/null\nif [ $? != 0 ] ; then\n    # print error to STDERR\n    echo \"error: The sandbox is not in sync with the Podfile.lock. Run 'pod install' or update your CocoaPods installation.\" >&2\n    exit 1\nfi\n";
			showEnvVarsInLog = 0;
		};
/* End PBXShellScriptBuildPhase section */

/* Begin PBXSourcesBuildPhase section */
		E4AB21EB1D82566A0044943E /* Sources */ = {
			isa = PBXSourcesBuildPhase;
			buildActionMask = 2147483647;
			files = (
				C546FE2B1D829D5000012FB4 /* PrivateChatController.swift in Sources */,
				E4C9B8851D93690C00A4C14D /* NSObject+StoreValue.m in Sources */,
				C54DF9111D9BB4E20067BC9F /* PlanM.swift in Sources */,
				E45753A11DC1CFAA0045F55B /* HttpAPIClient.m in Sources */,
				E44C76001DAB8B5A0038C715 /* Tool.swift in Sources */,
				E4189EDE1D8E744800A619A6 /* SecondAddCustomCell.swift in Sources */,
				E4D97E4E1D991E32006D3188 /* NormalCell.swift in Sources */,
				C5A196FB1D94D0F6007BB67D /* SetingViewController.swift in Sources */,
				C5D669A51D864695008EE189 /* UIImage+Draw.swift in Sources */,
				E48C0BE91D87D8EC00802C6B /* RecommendCell.swift in Sources */,
				E4C9B8861D93690C00A4C14D /* StoreUserValue.m in Sources */,
				E425F3C01D95030C00B17581 /* LeftTextCell.swift in Sources */,
				C5A8290C1D93731400EBF46E /* UserEditViewController.swift in Sources */,
				C532CF971D87D77200840E65 /* chatModel.swift in Sources */,
				E4189ED81D8E6AE000A619A6 /* AddWhipController.swift in Sources */,
				C5A829141D93D30500EBF46E /* UIImage+Orientation.m in Sources */,
				E4C9B87C1D92594D00A4C14D /* WeekCell.swift in Sources */,
				4F677DA51DA10F5F004D54EA /* NSString+Validate.m in Sources */,
				E43D0F9F1DCC317F001A0B36 /* UserManager.swift in Sources */,
				E408D9921D8FB786006F2A75 /* HotAddCell.swift in Sources */,
				C546FE331D82A35600012FB4 /* Define.swift in Sources */,
				C50A49891D9A06180003CE2D /* PhoneCodeButton.m in Sources */,
				4F8D84221DA4C7CB0043C149 /* TopUpViewController.swift in Sources */,
				C546FE271D829A7300012FB4 /* MainTabBarController.swift in Sources */,
				C506DC2D1D8FD66B00785BE8 /* ChatConversationController.swift in Sources */,
				C5A8290A1D936D9C00EBF46E /* UserInfoTableViewCell.swift in Sources */,
				C5F5D3D31D9CA83F0020491D /* UserInfoModel.swift in Sources */,
				C5F5D3D21D9CA83E0020491D /* ShareEngine.swift in Sources */,
				E4C9B86D1D921F7200A4C14D /* SGHDateView.swift in Sources */,
				E4C9B8791D92586900A4C14D /* AlarmClockController.swift in Sources */,
				E449AC8A1DAC87140095B8C2 /* Extension.swift in Sources */,
				C546FE2F1D829D8200012FB4 /* MemberViewController.swift in Sources */,
				E4C9B85A1D90D09600A4C14D /* SelectedCell.swift in Sources */,
				E4C9B86B1D921AFA00A4C14D /* CustomIOSAlertView.m in Sources */,
				E408D9961D90C85F006F2A75 /* PrivacyViewController.swift in Sources */,
				C50EE1B91D8FA5B7005D5839 /* FriendsListViewCell.swift in Sources */,
				C5A186A51D921A4D000866AB /* LoginViewController.swift in Sources */,
				C5A186A91D9236ED000866AB /* UITextFiled+MessageInputView.swift in Sources */,
				C5D669A31D86436B008EE189 /* UIView+Size.swift in Sources */,
				E48C0BEE1D87E33400802C6B /* UIColor+expanded.m in Sources */,
				E4AB21F31D82566A0044943E /* AppDelegate.swift in Sources */,
				C5A186A71D921A56000866AB /* RegisterViewController.swift in Sources */,
				C5A196FD1D94D76F007BB67D /* MyWalletViewController.swift in Sources */,
				E425F3C21D95032200B17581 /* CenterTextCell.swift in Sources */,
				C59B2A351D8F98EE0055F026 /* FriendsListController.swift in Sources */,
				C5920D391D8F8141007B199E /* ChatConversationListCell.swift in Sources */,
				E449AC851DAB8D200095B8C2 /* README.mdown in Sources */,
				C50A498B1D9A1B4D0003CE2D /* RegisterAndUserController.swift in Sources */,
				C546FE2D1D829D6A00012FB4 /* FriendCircleController.swift in Sources */,
				E4D97E4B1D991816006D3188 /* LogController.swift in Sources */,
				E4189EE01D8E746400A619A6 /* ThirdAddCustomCell Cell.swift in Sources */,
				C5A0B01D1D927A6000EADAEF /* UserInfoViewController.swift in Sources */,
				C546FE291D829BF900012FB4 /* IndexViewController.swift in Sources */,
				E4189EDC1D8E741F00A619A6 /* FirstAddCustomCell.swift in Sources */,
				E4C9B8891D93693E00A4C14D /* FastCoder.m in Sources */,
				E4189EE41D8E7D0600A619A6 /* UIPlaceHolderTextView.m in Sources */,
				E4D97E551D9A126D006D3188 /* UIScrollView+EmptyDataSet.m in Sources */,
				C59B2A331D8F98DB0055F026 /* AddFriendsController.swift in Sources */,
				C5A66B331D990E5C00612E16 /* LoginWayController.swift in Sources */,
				E449AC841DAB8D200095B8C2 /* MBProgressHUD.m in Sources */,
			);
			runOnlyForDeploymentPostprocessing = 0;
		};
/* End PBXSourcesBuildPhase section */

/* Begin PBXVariantGroup section */
		E4AB21FB1D82566A0044943E /* LaunchScreen.storyboard */ = {
			isa = PBXVariantGroup;
			children = (
				E4AB21FC1D82566A0044943E /* Base */,
			);
			name = LaunchScreen.storyboard;
			sourceTree = "<group>";
		};
/* End PBXVariantGroup section */

/* Begin XCBuildConfiguration section */
		E4AB21FF1D82566A0044943E /* Debug */ = {
			isa = XCBuildConfiguration;
			buildSettings = {
				ALWAYS_SEARCH_USER_PATHS = NO;
				CLANG_ANALYZER_NONNULL = YES;
				CLANG_CXX_LANGUAGE_STANDARD = "gnu++0x";
				CLANG_CXX_LIBRARY = "libc++";
				CLANG_ENABLE_MODULES = YES;
				CLANG_ENABLE_OBJC_ARC = YES;
				CLANG_WARN_BOOL_CONVERSION = YES;
				CLANG_WARN_CONSTANT_CONVERSION = YES;
				CLANG_WARN_DIRECT_OBJC_ISA_USAGE = YES_ERROR;
				CLANG_WARN_EMPTY_BODY = YES;
				CLANG_WARN_ENUM_CONVERSION = YES;
				CLANG_WARN_INFINITE_RECURSION = YES;
				CLANG_WARN_INT_CONVERSION = YES;
				CLANG_WARN_OBJC_ROOT_CLASS = YES_ERROR;
				CLANG_WARN_SUSPICIOUS_MOVE = YES;
				CLANG_WARN_UNREACHABLE_CODE = YES;
				CLANG_WARN__DUPLICATE_METHOD_MATCH = YES;
				"CODE_SIGN_IDENTITY[sdk=iphoneos*]" = "iPhone Developer";
				COPY_PHASE_STRIP = NO;
				DEBUG_INFORMATION_FORMAT = dwarf;
				ENABLE_STRICT_OBJC_MSGSEND = YES;
				ENABLE_TESTABILITY = YES;
				GCC_C_LANGUAGE_STANDARD = gnu99;
				GCC_DYNAMIC_NO_PIC = NO;
				GCC_NO_COMMON_BLOCKS = YES;
				GCC_OPTIMIZATION_LEVEL = 0;
				GCC_PREPROCESSOR_DEFINITIONS = (
					"DEBUG=1",
					"$(inherited)",
				);
				GCC_WARN_64_TO_32_BIT_CONVERSION = YES;
				GCC_WARN_ABOUT_RETURN_TYPE = YES_ERROR;
				GCC_WARN_UNDECLARED_SELECTOR = YES;
				GCC_WARN_UNINITIALIZED_AUTOS = YES_AGGRESSIVE;
				GCC_WARN_UNUSED_FUNCTION = YES;
				GCC_WARN_UNUSED_VARIABLE = YES;
				IPHONEOS_DEPLOYMENT_TARGET = 10.0;
				MTL_ENABLE_DEBUG_INFO = YES;
				ONLY_ACTIVE_ARCH = YES;
				SDKROOT = iphoneos;
				SWIFT_OPTIMIZATION_LEVEL = "-Onone";
			};
			name = Debug;
		};
		E4AB22001D82566A0044943E /* Release */ = {
			isa = XCBuildConfiguration;
			buildSettings = {
				ALWAYS_SEARCH_USER_PATHS = NO;
				CLANG_ANALYZER_NONNULL = YES;
				CLANG_CXX_LANGUAGE_STANDARD = "gnu++0x";
				CLANG_CXX_LIBRARY = "libc++";
				CLANG_ENABLE_MODULES = YES;
				CLANG_ENABLE_OBJC_ARC = YES;
				CLANG_WARN_BOOL_CONVERSION = YES;
				CLANG_WARN_CONSTANT_CONVERSION = YES;
				CLANG_WARN_DIRECT_OBJC_ISA_USAGE = YES_ERROR;
				CLANG_WARN_EMPTY_BODY = YES;
				CLANG_WARN_ENUM_CONVERSION = YES;
				CLANG_WARN_INFINITE_RECURSION = YES;
				CLANG_WARN_INT_CONVERSION = YES;
				CLANG_WARN_OBJC_ROOT_CLASS = YES_ERROR;
				CLANG_WARN_SUSPICIOUS_MOVE = YES;
				CLANG_WARN_UNREACHABLE_CODE = YES;
				CLANG_WARN__DUPLICATE_METHOD_MATCH = YES;
				"CODE_SIGN_IDENTITY[sdk=iphoneos*]" = "iPhone Developer";
				COPY_PHASE_STRIP = NO;
				DEBUG_INFORMATION_FORMAT = "dwarf-with-dsym";
				ENABLE_NS_ASSERTIONS = NO;
				ENABLE_STRICT_OBJC_MSGSEND = YES;
				GCC_C_LANGUAGE_STANDARD = gnu99;
				GCC_NO_COMMON_BLOCKS = YES;
				GCC_WARN_64_TO_32_BIT_CONVERSION = YES;
				GCC_WARN_ABOUT_RETURN_TYPE = YES_ERROR;
				GCC_WARN_UNDECLARED_SELECTOR = YES;
				GCC_WARN_UNINITIALIZED_AUTOS = YES_AGGRESSIVE;
				GCC_WARN_UNUSED_FUNCTION = YES;
				GCC_WARN_UNUSED_VARIABLE = YES;
				IPHONEOS_DEPLOYMENT_TARGET = 10.0;
				MTL_ENABLE_DEBUG_INFO = NO;
				SDKROOT = iphoneos;
				SWIFT_OPTIMIZATION_LEVEL = "-Owholemodule";
				VALIDATE_PRODUCT = YES;
			};
			name = Release;
		};
		E4AB22021D82566A0044943E /* Debug */ = {
			isa = XCBuildConfiguration;
			baseConfigurationReference = AB9F213A8BB6602942F5D4EF /* Pods-WhipMe.debug.xcconfig */;
			buildSettings = {
				ALWAYS_EMBED_SWIFT_STANDARD_LIBRARIES = YES;
				ASSETCATALOG_COMPILER_APPICON_NAME = AppIcon;
				CLANG_ENABLE_MODULES = YES;
				"CODE_SIGN_IDENTITY[sdk=iphoneos*]" = "iPhone Developer";
				DEVELOPMENT_TEAM = BG6HSL32ZA;
				FRAMEWORK_SEARCH_PATHS = (
					"$(inherited)",
					"$(PROJECT_DIR)/Utils/ThirdParty/JMessage",
				);
				INFOPLIST_FILE = WhipMe/Info.plist;
				IPHONEOS_DEPLOYMENT_TARGET = 9.0;
				LD_RUNPATH_SEARCH_PATHS = "$(inherited) @executable_path/Frameworks";
				LIBRARY_SEARCH_PATHS = (
					"$(inherited)",
					"$(PROJECT_DIR)/Utils/ThirdParty/SDKWeChat",
				);
				OTHER_LDFLAGS = (
					"$(inherited)",
					"-ObjC",
					"-all_load",
				);
				PRODUCT_BUNDLE_IDENTIFIER = com.whipme.whipmes;
				PRODUCT_NAME = "$(TARGET_NAME)";
				SWIFT_OBJC_BRIDGING_HEADER = "WhipMe/WhipMe-Bridging-Header.h";
				SWIFT_OPTIMIZATION_LEVEL = "-Onone";
				SWIFT_VERSION = 3.0;
			};
			name = Debug;
		};
		E4AB22031D82566A0044943E /* Release */ = {
			isa = XCBuildConfiguration;
			baseConfigurationReference = A030685417F6EAA902A8D211 /* Pods-WhipMe.release.xcconfig */;
			buildSettings = {
				ALWAYS_EMBED_SWIFT_STANDARD_LIBRARIES = YES;
				ASSETCATALOG_COMPILER_APPICON_NAME = AppIcon;
				CLANG_ENABLE_MODULES = YES;
				"CODE_SIGN_IDENTITY[sdk=iphoneos*]" = "iPhone Developer";
				DEVELOPMENT_TEAM = BG6HSL32ZA;
				FRAMEWORK_SEARCH_PATHS = (
					"$(inherited)",
					"$(PROJECT_DIR)/Utils/ThirdParty/JMessage",
				);
				INFOPLIST_FILE = WhipMe/Info.plist;
				IPHONEOS_DEPLOYMENT_TARGET = 9.0;
				LD_RUNPATH_SEARCH_PATHS = "$(inherited) @executable_path/Frameworks";
				LIBRARY_SEARCH_PATHS = (
					"$(inherited)",
					"$(PROJECT_DIR)/Utils/ThirdParty/SDKWeChat",
				);
				OTHER_LDFLAGS = (
					"$(inherited)",
					"-ObjC",
					"-all_load",
				);
				PRODUCT_BUNDLE_IDENTIFIER = com.whipme.whipmes;
				PRODUCT_NAME = "$(TARGET_NAME)";
				SWIFT_OBJC_BRIDGING_HEADER = "WhipMe/WhipMe-Bridging-Header.h";
				SWIFT_VERSION = 3.0;
			};
			name = Release;
		};
/* End XCBuildConfiguration section */

/* Begin XCConfigurationList section */
		E4AB21EA1D82566A0044943E /* Build configuration list for PBXProject "WhipMe" */ = {
			isa = XCConfigurationList;
			buildConfigurations = (
				E4AB21FF1D82566A0044943E /* Debug */,
				E4AB22001D82566A0044943E /* Release */,
			);
			defaultConfigurationIsVisible = 0;
			defaultConfigurationName = Release;
		};
		E4AB22011D82566A0044943E /* Build configuration list for PBXNativeTarget "WhipMe" */ = {
			isa = XCConfigurationList;
			buildConfigurations = (
				E4AB22021D82566A0044943E /* Debug */,
				E4AB22031D82566A0044943E /* Release */,
			);
			defaultConfigurationIsVisible = 0;
			defaultConfigurationName = Release;
		};
/* End XCConfigurationList section */
	};
	rootObject = E4AB21E71D82566A0044943E /* Project object */;
}
